// !$*UTF8*$!
{
	archiveVersion = 1;
	classes = {
	};
	objectVersion = 48;
	objects = {

/* Begin PBXBuildFile section */
		0F202C7921E08B27ABC30404 /* Pods_TheMovieDBUITests.framework in Frameworks */ = {isa = PBXBuildFile; fileRef = 1AB57BF6F7714149BA8002EC /* Pods_TheMovieDBUITests.framework */; };
		B77CDFD8B8D6204CDD55445F /* Pods_TheMovieDB.framework in Frameworks */ = {isa = PBXBuildFile; fileRef = 3FE8CEC28A8ABFA33C1289F0 /* Pods_TheMovieDB.framework */; };
		CFFC53B9159E4F2F1D586DEF /* Pods_TheMovieDBTests.framework in Frameworks */ = {isa = PBXBuildFile; fileRef = 167C183BC3A55D1D22314AB7 /* Pods_TheMovieDBTests.framework */; };
		ED08937D20585752004CC05F /* AppDelegate.swift in Sources */ = {isa = PBXBuildFile; fileRef = ED08937C20585752004CC05F /* AppDelegate.swift */; };
		ED08938220585752004CC05F /* Main.storyboard in Resources */ = {isa = PBXBuildFile; fileRef = ED08938020585752004CC05F /* Main.storyboard */; };
		ED08938420585752004CC05F /* Assets.xcassets in Resources */ = {isa = PBXBuildFile; fileRef = ED08938320585752004CC05F /* Assets.xcassets */; };
		ED08938720585752004CC05F /* LaunchScreen.storyboard in Resources */ = {isa = PBXBuildFile; fileRef = ED08938520585752004CC05F /* LaunchScreen.storyboard */; };
		ED08939D20585753004CC05F /* TheMovieDBUITests.swift in Sources */ = {isa = PBXBuildFile; fileRef = ED08939C20585753004CC05F /* TheMovieDBUITests.swift */; };
		ED16D843205882C8002A0B2C /* HomeView.swift in Sources */ = {isa = PBXBuildFile; fileRef = ED16D842205882C8002A0B2C /* HomeView.swift */; };
		ED16D845205882D3002A0B2C /* HomeViewModel.swift in Sources */ = {isa = PBXBuildFile; fileRef = ED16D844205882D3002A0B2C /* HomeViewModel.swift */; };
		ED16D84720588381002A0B2C /* HomeServiceModel.swift in Sources */ = {isa = PBXBuildFile; fileRef = ED16D84620588381002A0B2C /* HomeServiceModel.swift */; };
		ED16D84B205884AB002A0B2C /* Dates.swift in Sources */ = {isa = PBXBuildFile; fileRef = ED16D848205884AA002A0B2C /* Dates.swift */; };
		ED16D84C205884AB002A0B2C /* Movie.swift in Sources */ = {isa = PBXBuildFile; fileRef = ED16D849205884AA002A0B2C /* Movie.swift */; };
		ED16D84D205884AB002A0B2C /* MoviesList.swift in Sources */ = {isa = PBXBuildFile; fileRef = ED16D84A205884AB002A0B2C /* MoviesList.swift */; };
		ED16D850205889BE002A0B2C /* HomeViewCell.swift in Sources */ = {isa = PBXBuildFile; fileRef = ED16D84F205889BE002A0B2C /* HomeViewCell.swift */; };
		ED16D85220588BA7002A0B2C /* MovieViewCell.swift in Sources */ = {isa = PBXBuildFile; fileRef = ED16D85120588BA7002A0B2C /* MovieViewCell.swift */; };
		ED16D85E20597A6C002A0B2C /* MovieDetailView.swift in Sources */ = {isa = PBXBuildFile; fileRef = ED16D85D20597A6C002A0B2C /* MovieDetailView.swift */; };
		ED16D86020597AF6002A0B2C /* MovieDetailViewModel.swift in Sources */ = {isa = PBXBuildFile; fileRef = ED16D85F20597AF6002A0B2C /* MovieDetailViewModel.swift */; };
		ED16D86820597D99002A0B2C /* BelongsToCollection.swift in Sources */ = {isa = PBXBuildFile; fileRef = ED16D86220597D97002A0B2C /* BelongsToCollection.swift */; };
		ED16D86920597D99002A0B2C /* MovieDetail.swift in Sources */ = {isa = PBXBuildFile; fileRef = ED16D86320597D98002A0B2C /* MovieDetail.swift */; };
		ED16D86A20597D99002A0B2C /* SpokenLanguages.swift in Sources */ = {isa = PBXBuildFile; fileRef = ED16D86420597D98002A0B2C /* SpokenLanguages.swift */; };
		ED16D86B20597D99002A0B2C /* ProductionCountries.swift in Sources */ = {isa = PBXBuildFile; fileRef = ED16D86520597D98002A0B2C /* ProductionCountries.swift */; };
		ED16D86C20597D99002A0B2C /* ProductionCompanies.swift in Sources */ = {isa = PBXBuildFile; fileRef = ED16D86620597D99002A0B2C /* ProductionCompanies.swift */; };
		ED16D86D20597D99002A0B2C /* Genres.swift in Sources */ = {isa = PBXBuildFile; fileRef = ED16D86720597D99002A0B2C /* Genres.swift */; };
		ED16D86F20597E5E002A0B2C /* MovieDetailServiceModel.swift in Sources */ = {isa = PBXBuildFile; fileRef = ED16D86E20597E5E002A0B2C /* MovieDetailServiceModel.swift */; };
		ED16D87220599CC7002A0B2C /* SearchMovie.swift in Sources */ = {isa = PBXBuildFile; fileRef = ED16D87120599CC7002A0B2C /* SearchMovie.swift */; };
		ED16D87720599D11002A0B2C /* SearchPerson.swift in Sources */ = {isa = PBXBuildFile; fileRef = ED16D87420599D10002A0B2C /* SearchPerson.swift */; };
		ED16D87B20599DAC002A0B2C /* MoviesGenres.swift in Sources */ = {isa = PBXBuildFile; fileRef = ED16D87920599DAB002A0B2C /* MoviesGenres.swift */; };
		ED16D87E20599E29002A0B2C /* SearchMoviesGenre.swift in Sources */ = {isa = PBXBuildFile; fileRef = ED16D87D20599E29002A0B2C /* SearchMoviesGenre.swift */; };
		ED16D88020599F90002A0B2C /* SearchView.swift in Sources */ = {isa = PBXBuildFile; fileRef = ED16D87F20599F90002A0B2C /* SearchView.swift */; };
		ED16D8842059A008002A0B2C /* SearchViewModel.swift in Sources */ = {isa = PBXBuildFile; fileRef = ED16D8832059A008002A0B2C /* SearchViewModel.swift */; };
		ED16D8882059A07F002A0B2C /* SearchServiceModel.swift in Sources */ = {isa = PBXBuildFile; fileRef = ED16D8872059A07F002A0B2C /* SearchServiceModel.swift */; };
		ED16D88A2059A34F002A0B2C /* SearchResultView.swift in Sources */ = {isa = PBXBuildFile; fileRef = ED16D8892059A34F002A0B2C /* SearchResultView.swift */; };
		ED16D88C2059A3A0002A0B2C /* SearchResultViewCell.swift in Sources */ = {isa = PBXBuildFile; fileRef = ED16D88B2059A3A0002A0B2C /* SearchResultViewCell.swift */; };
		ED3833E42093324C0079D48F /* PersonView.swift in Sources */ = {isa = PBXBuildFile; fileRef = ED3833E32093324C0079D48F /* PersonView.swift */; };
		ED3833E6209332590079D48F /* PersonViewModel.swift in Sources */ = {isa = PBXBuildFile; fileRef = ED3833E5209332590079D48F /* PersonViewModel.swift */; };
		ED3833E8209339880079D48F /* Person.swift in Sources */ = {isa = PBXBuildFile; fileRef = ED3833E7209339870079D48F /* Person.swift */; };
		ED3833EA20933A3E0079D48F /* PersonServiceModel.swift in Sources */ = {isa = PBXBuildFile; fileRef = ED3833E920933A3E0079D48F /* PersonServiceModel.swift */; };
		ED3833EC209375A00079D48F /* ExternalIds.swift in Sources */ = {isa = PBXBuildFile; fileRef = ED3833EB2093759F0079D48F /* ExternalIds.swift */; };
		ED3833F1209378C20079D48F /* SocialMedia.swift in Sources */ = {isa = PBXBuildFile; fileRef = ED3833F0209378C20079D48F /* SocialMedia.swift */; };
		ED3833F520938BA50079D48F /* PopularPeopleView.swift in Sources */ = {isa = PBXBuildFile; fileRef = ED3833F420938BA50079D48F /* PopularPeopleView.swift */; };
		ED3833F720938BBA0079D48F /* PopularPersonViewCell.swift in Sources */ = {isa = PBXBuildFile; fileRef = ED3833F620938BBA0079D48F /* PopularPersonViewCell.swift */; };
		ED3833FB20938CB00079D48F /* PopularPeopleServiceModel.swift in Sources */ = {isa = PBXBuildFile; fileRef = ED3833FA20938CB00079D48F /* PopularPeopleServiceModel.swift */; };
		ED3833FD20938CBF0079D48F /* PopularPeopleViewModel.swift in Sources */ = {isa = PBXBuildFile; fileRef = ED3833FC20938CBF0079D48F /* PopularPeopleViewModel.swift */; };
		ED38340220938E980079D48F /* KnownFor.swift in Sources */ = {isa = PBXBuildFile; fileRef = ED3833FF20938E980079D48F /* KnownFor.swift */; };
		ED38340320938E980079D48F /* PopularPeople.swift in Sources */ = {isa = PBXBuildFile; fileRef = ED38340020938E980079D48F /* PopularPeople.swift */; };
		ED3834062093914C0079D48F /* PopularPersonCellViewModel.swift in Sources */ = {isa = PBXBuildFile; fileRef = ED3834052093914C0079D48F /* PopularPersonCellViewModel.swift */; };
		ED38340B20940DEB0079D48F /* TVShowServiceModel.swift in Sources */ = {isa = PBXBuildFile; fileRef = ED38340A20940DEB0079D48F /* TVShowServiceModel.swift */; };
		ED38340D20940DFC0079D48F /* TVShowViewModel.swift in Sources */ = {isa = PBXBuildFile; fileRef = ED38340C20940DFC0079D48F /* TVShowViewModel.swift */; };
		ED38340F20940E130079D48F /* TVShowView.swift in Sources */ = {isa = PBXBuildFile; fileRef = ED38340E20940E130079D48F /* TVShowView.swift */; };
		ED38341120940E340079D48F /* TVShowViewCell.swift in Sources */ = {isa = PBXBuildFile; fileRef = ED38341020940E340079D48F /* TVShowViewCell.swift */; };
		ED3834132094111D0079D48F /* TVShowCellViewModel.swift in Sources */ = {isa = PBXBuildFile; fileRef = ED3834122094111D0079D48F /* TVShowCellViewModel.swift */; };
		ED38341920941C4E0079D48F /* TVShowDetail.swift in Sources */ = {isa = PBXBuildFile; fileRef = ED38341520941C4D0079D48F /* TVShowDetail.swift */; };
		ED38341A20941C4E0079D48F /* Networks.swift in Sources */ = {isa = PBXBuildFile; fileRef = ED38341620941C4D0079D48F /* Networks.swift */; };
		ED38341B20941C4E0079D48F /* CreatedBy.swift in Sources */ = {isa = PBXBuildFile; fileRef = ED38341720941C4E0079D48F /* CreatedBy.swift */; };
		ED38341C20941C4E0079D48F /* Seasons.swift in Sources */ = {isa = PBXBuildFile; fileRef = ED38341820941C4E0079D48F /* Seasons.swift */; };
		ED38341E20941C9D0079D48F /* TVShowDetailView.swift in Sources */ = {isa = PBXBuildFile; fileRef = ED38341D20941C9D0079D48F /* TVShowDetailView.swift */; };
		ED38342020941CB70079D48F /* TVShowDetailViewModel.swift in Sources */ = {isa = PBXBuildFile; fileRef = ED38341F20941CB70079D48F /* TVShowDetailViewModel.swift */; };
		ED38342220941CD20079D48F /* TVShowDetailServiceModel.swift in Sources */ = {isa = PBXBuildFile; fileRef = ED38342120941CD20079D48F /* TVShowDetailServiceModel.swift */; };
		ED383425209422AC0079D48F /* StretchHeaderView.swift in Sources */ = {isa = PBXBuildFile; fileRef = ED383424209422AC0079D48F /* StretchHeaderView.swift */; };
		ED383427209498FB0079D48F /* SeasonView.xib in Resources */ = {isa = PBXBuildFile; fileRef = ED383426209498FA0079D48F /* SeasonView.xib */; };
		ED38342920949AC70079D48F /* SeasonView.swift in Sources */ = {isa = PBXBuildFile; fileRef = ED38342820949AC70079D48F /* SeasonView.swift */; };
		ED38342E2094AB5A0079D48F /* Movie.storyboard in Resources */ = {isa = PBXBuildFile; fileRef = ED38342D2094AB5A0079D48F /* Movie.storyboard */; };
		ED3834302094AB660079D48F /* TVShow.storyboard in Resources */ = {isa = PBXBuildFile; fileRef = ED38342F2094AB660079D48F /* TVShow.storyboard */; };
		ED3834322094AB6F0079D48F /* PopularPeople.storyboard in Resources */ = {isa = PBXBuildFile; fileRef = ED3834312094AB6F0079D48F /* PopularPeople.storyboard */; };
		ED3834352094ABDB0079D48F /* Generic.storyboard in Resources */ = {isa = PBXBuildFile; fileRef = ED3834342094ABDB0079D48F /* Generic.storyboard */; };
		ED3834382094ACB20079D48F /* Search.storyboard in Resources */ = {isa = PBXBuildFile; fileRef = ED3834372094ACB20079D48F /* Search.storyboard */; };
		ED65BEB320909EFA0091D93B /* iCarousel.m in Sources */ = {isa = PBXBuildFile; fileRef = ED65BEB120909EF90091D93B /* iCarousel.m */; };
		ED65BEBA2090A55D0091D93B /* VideosList.swift in Sources */ = {isa = PBXBuildFile; fileRef = ED65BEB82090A55C0091D93B /* VideosList.swift */; };
		ED65BEBB2090A55D0091D93B /* Video.swift in Sources */ = {isa = PBXBuildFile; fileRef = ED65BEB92090A55C0091D93B /* Video.swift */; };
		ED65BEC52091E97A0091D93B /* HomeTests.swift in Sources */ = {isa = PBXBuildFile; fileRef = ED65BEC42091E97A0091D93B /* HomeTests.swift */; };
		ED65BECC2091EEFC0091D93B /* JSONWrapper.swift in Sources */ = {isa = PBXBuildFile; fileRef = ED65BECB2091EEFC0091D93B /* JSONWrapper.swift */; };
		ED65BEDA2091F1330091D93B /* similar.json in Resources */ = {isa = PBXBuildFile; fileRef = ED65BECF2091F1300091D93B /* similar.json */; };
		ED65BEDB2091F1330091D93B /* popular.json in Resources */ = {isa = PBXBuildFile; fileRef = ED65BED02091F1300091D93B /* popular.json */; };
		ED65BEDC2091F1330091D93B /* searchByGenre.json in Resources */ = {isa = PBXBuildFile; fileRef = ED65BED12091F1300091D93B /* searchByGenre.json */; };
		ED65BEDD2091F1330091D93B /* genres.json in Resources */ = {isa = PBXBuildFile; fileRef = ED65BED22091F1300091D93B /* genres.json */; };
		ED65BEDE2091F1330091D93B /* recommendations.json in Resources */ = {isa = PBXBuildFile; fileRef = ED65BED32091F1310091D93B /* recommendations.json */; };
		ED65BEDF2091F1330091D93B /* searchMovie.json in Resources */ = {isa = PBXBuildFile; fileRef = ED65BED42091F1310091D93B /* searchMovie.json */; };
		ED65BEE02091F1330091D93B /* upcoming.json in Resources */ = {isa = PBXBuildFile; fileRef = ED65BED52091F1310091D93B /* upcoming.json */; };
		ED65BEE12091F1330091D93B /* movie.json in Resources */ = {isa = PBXBuildFile; fileRef = ED65BED62091F1320091D93B /* movie.json */; };
		ED65BEE22091F1330091D93B /* topRated.json in Resources */ = {isa = PBXBuildFile; fileRef = ED65BED72091F1320091D93B /* topRated.json */; };
		ED65BEE32091F1330091D93B /* videos.json in Resources */ = {isa = PBXBuildFile; fileRef = ED65BED82091F1320091D93B /* videos.json */; };
		ED65BEE42091F1330091D93B /* nowPlaying.json in Resources */ = {isa = PBXBuildFile; fileRef = ED65BED92091F1330091D93B /* nowPlaying.json */; };
		ED65BEE62091FF0F0091D93B /* MovieDetailTests.swift in Sources */ = {isa = PBXBuildFile; fileRef = ED65BEE52091FF0F0091D93B /* MovieDetailTests.swift */; };
		ED65BEE82091FF2A0091D93B /* Tests.swift in Sources */ = {isa = PBXBuildFile; fileRef = ED65BEE72091FF2A0091D93B /* Tests.swift */; };
		ED65BEEA20920E190091D93B /* SearchTests.swift in Sources */ = {isa = PBXBuildFile; fileRef = ED65BEE920920E190091D93B /* SearchTests.swift */; };
		ED65BEF0209238BB0091D93B /* CreditsList.swift in Sources */ = {isa = PBXBuildFile; fileRef = ED65BEEB209238B80091D93B /* CreditsList.swift */; };
		ED65BEF1209238BB0091D93B /* ReviewsList.swift in Sources */ = {isa = PBXBuildFile; fileRef = ED65BEEC209238B80091D93B /* ReviewsList.swift */; };
		ED65BEF2209238BB0091D93B /* Review.swift in Sources */ = {isa = PBXBuildFile; fileRef = ED65BEED209238BA0091D93B /* Review.swift */; };
		ED65BEF3209238BB0091D93B /* Cast.swift in Sources */ = {isa = PBXBuildFile; fileRef = ED65BEEE209238BA0091D93B /* Cast.swift */; };
		ED65BEF4209238BB0091D93B /* Crew.swift in Sources */ = {isa = PBXBuildFile; fileRef = ED65BEEF209238BB0091D93B /* Crew.swift */; };
		ED65BEFA20923C990091D93B /* CastView.xib in Resources */ = {isa = PBXBuildFile; fileRef = ED65BEF920923C990091D93B /* CastView.xib */; };
		ED65BEFD20923EA20091D93B /* XibView.swift in Sources */ = {isa = PBXBuildFile; fileRef = ED65BEFC20923EA20091D93B /* XibView.swift */; };
		ED65BEFF20923F040091D93B /* CastView.swift in Sources */ = {isa = PBXBuildFile; fileRef = ED65BEFE20923F040091D93B /* CastView.swift */; };
		ED65BF01209245430091D93B /* MovieView.swift in Sources */ = {isa = PBXBuildFile; fileRef = ED65BF00209245430091D93B /* MovieView.swift */; };
		ED65BF03209245610091D93B /* MovieView.xib in Resources */ = {isa = PBXBuildFile; fileRef = ED65BF02209245610091D93B /* MovieView.xib */; };
		ED65BF0520925B8E0091D93B /* PlayerView.xib in Resources */ = {isa = PBXBuildFile; fileRef = ED65BF0420925B8E0091D93B /* PlayerView.xib */; };
		ED65BF0720925C280091D93B /* PlayerView.swift in Sources */ = {isa = PBXBuildFile; fileRef = ED65BF0620925C280091D93B /* PlayerView.swift */; };
		ED65BF09209261C00091D93B /* ReviewsView.swift in Sources */ = {isa = PBXBuildFile; fileRef = ED65BF08209261C00091D93B /* ReviewsView.swift */; };
		EDC6C01420585A4400D843EC /* CollectionView.swift in Sources */ = {isa = PBXBuildFile; fileRef = EDC6C01220585A4400D843EC /* CollectionView.swift */; };
		EDC6C01820585A5500D843EC /* Date.swift in Sources */ = {isa = PBXBuildFile; fileRef = EDC6C01720585A5500D843EC /* Date.swift */; };
		EDC6C01C20585A6300D843EC /* LoadingView.swift in Sources */ = {isa = PBXBuildFile; fileRef = EDC6C01B20585A6300D843EC /* LoadingView.swift */; };
		EDC6C01E20585A6D00D843EC /* HexColor.swift in Sources */ = {isa = PBXBuildFile; fileRef = EDC6C01D20585A6D00D843EC /* HexColor.swift */; };
		EDC6C02020585A7500D843EC /* AlertComponent.swift in Sources */ = {isa = PBXBuildFile; fileRef = EDC6C01F20585A7500D843EC /* AlertComponent.swift */; };
		EDC6C02520585A7D00D843EC /* Extensions.swift in Sources */ = {isa = PBXBuildFile; fileRef = EDC6C02220585A7D00D843EC /* Extensions.swift */; };
		EDC6C02620585A7D00D843EC /* Appearance.swift in Sources */ = {isa = PBXBuildFile; fileRef = EDC6C02320585A7D00D843EC /* Appearance.swift */; };
		EDC6C02820585A8300D843EC /* General.swift in Sources */ = {isa = PBXBuildFile; fileRef = EDC6C02720585A8300D843EC /* General.swift */; };
		EDC6C02D20585A8C00D843EC /* Session.swift in Sources */ = {isa = PBXBuildFile; fileRef = EDC6C02920585A8C00D843EC /* Session.swift */; };
		EDC6C02E20585A8C00D843EC /* FileManager.swift in Sources */ = {isa = PBXBuildFile; fileRef = EDC6C02A20585A8C00D843EC /* FileManager.swift */; };
		EDC6C02F20585A8C00D843EC /* EnvironmentHost.swift in Sources */ = {isa = PBXBuildFile; fileRef = EDC6C02B20585A8C00D843EC /* EnvironmentHost.swift */; };
		EDC6C03020585A8C00D843EC /* Connection.swift in Sources */ = {isa = PBXBuildFile; fileRef = EDC6C02C20585A8C00D843EC /* Connection.swift */; };
		EDC6C03320585A9200D843EC /* Constants.swift in Sources */ = {isa = PBXBuildFile; fileRef = EDC6C03120585A9200D843EC /* Constants.swift */; };
		EDC6C03420585A9200D843EC /* Messages.swift in Sources */ = {isa = PBXBuildFile; fileRef = EDC6C03220585A9200D843EC /* Messages.swift */; };
		EDC6C03720585B9D00D843EC /* RequestLinks.plist in Resources */ = {isa = PBXBuildFile; fileRef = EDC6C03520585B9D00D843EC /* RequestLinks.plist */; };
		EDC6C03820585B9D00D843EC /* EnvironmentLinks.plist in Resources */ = {isa = PBXBuildFile; fileRef = EDC6C03620585B9D00D843EC /* EnvironmentLinks.plist */; };
		EDC6C03D2058663000D843EC /* Model.swift in Sources */ = {isa = PBXBuildFile; fileRef = EDC6C03A2058663000D843EC /* Model.swift */; };
		EDC6C03E2058663000D843EC /* ServiceModel.swift in Sources */ = {isa = PBXBuildFile; fileRef = EDC6C03B2058663000D843EC /* ServiceModel.swift */; };
		EDC6C03F2058663000D843EC /* ViewModel.swift in Sources */ = {isa = PBXBuildFile; fileRef = EDC6C03C2058663000D843EC /* ViewModel.swift */; };
		EDC6C07C20586DB400D843EC /* DateHelper.swift in Sources */ = {isa = PBXBuildFile; fileRef = EDC6C07A20586DB300D843EC /* DateHelper.swift */; };
/* End PBXBuildFile section */

/* Begin PBXContainerItemProxy section */
		ED08938E20585753004CC05F /* PBXContainerItemProxy */ = {
			isa = PBXContainerItemProxy;
			containerPortal = ED08937120585752004CC05F /* Project object */;
			proxyType = 1;
			remoteGlobalIDString = ED08937820585752004CC05F;
			remoteInfo = ArcTouchChallenge;
		};
		ED08939920585753004CC05F /* PBXContainerItemProxy */ = {
			isa = PBXContainerItemProxy;
			containerPortal = ED08937120585752004CC05F /* Project object */;
			proxyType = 1;
			remoteGlobalIDString = ED08937820585752004CC05F;
			remoteInfo = ArcTouchChallenge;
		};
/* End PBXContainerItemProxy section */

/* Begin PBXFileReference section */
		167C183BC3A55D1D22314AB7 /* Pods_TheMovieDBTests.framework */ = {isa = PBXFileReference; explicitFileType = wrapper.framework; includeInIndex = 0; path = Pods_TheMovieDBTests.framework; sourceTree = BUILT_PRODUCTS_DIR; };
		1AB57BF6F7714149BA8002EC /* Pods_TheMovieDBUITests.framework */ = {isa = PBXFileReference; explicitFileType = wrapper.framework; includeInIndex = 0; path = Pods_TheMovieDBUITests.framework; sourceTree = BUILT_PRODUCTS_DIR; };
		1AB9923C76FBA93BBDA1BB5F /* Pods-TheMovieDB.release.xcconfig */ = {isa = PBXFileReference; includeInIndex = 1; lastKnownFileType = text.xcconfig; name = "Pods-TheMovieDB.release.xcconfig"; path = "Pods/Target Support Files/Pods-TheMovieDB/Pods-TheMovieDB.release.xcconfig"; sourceTree = "<group>"; };
		22EDF7D6BAACCB5FAB3610D5 /* Pods-TheMovieDBTests.debug.xcconfig */ = {isa = PBXFileReference; includeInIndex = 1; lastKnownFileType = text.xcconfig; name = "Pods-TheMovieDBTests.debug.xcconfig"; path = "Pods/Target Support Files/Pods-TheMovieDBTests/Pods-TheMovieDBTests.debug.xcconfig"; sourceTree = "<group>"; };
		3FE8CEC28A8ABFA33C1289F0 /* Pods_TheMovieDB.framework */ = {isa = PBXFileReference; explicitFileType = wrapper.framework; includeInIndex = 0; path = Pods_TheMovieDB.framework; sourceTree = BUILT_PRODUCTS_DIR; };
		434897671A574FE8B45AAF96 /* Pods-TheMovieDB.debug.xcconfig */ = {isa = PBXFileReference; includeInIndex = 1; lastKnownFileType = text.xcconfig; name = "Pods-TheMovieDB.debug.xcconfig"; path = "Pods/Target Support Files/Pods-TheMovieDB/Pods-TheMovieDB.debug.xcconfig"; sourceTree = "<group>"; };
		576EA3BF9F2F811CD58CF4D3 /* Pods-TheMovieDBUITests.release.xcconfig */ = {isa = PBXFileReference; includeInIndex = 1; lastKnownFileType = text.xcconfig; name = "Pods-TheMovieDBUITests.release.xcconfig"; path = "Pods/Target Support Files/Pods-TheMovieDBUITests/Pods-TheMovieDBUITests.release.xcconfig"; sourceTree = "<group>"; };
		81B822BF0AA1669A20A61B4D /* Pods-TheMovieDBUITests.debug.xcconfig */ = {isa = PBXFileReference; includeInIndex = 1; lastKnownFileType = text.xcconfig; name = "Pods-TheMovieDBUITests.debug.xcconfig"; path = "Pods/Target Support Files/Pods-TheMovieDBUITests/Pods-TheMovieDBUITests.debug.xcconfig"; sourceTree = "<group>"; };
		DF1229885E5F880E249A26D8 /* Pods-TheMovieDBTests.release.xcconfig */ = {isa = PBXFileReference; includeInIndex = 1; lastKnownFileType = text.xcconfig; name = "Pods-TheMovieDBTests.release.xcconfig"; path = "Pods/Target Support Files/Pods-TheMovieDBTests/Pods-TheMovieDBTests.release.xcconfig"; sourceTree = "<group>"; };
		ED08937920585752004CC05F /* TheMovieDB.app */ = {isa = PBXFileReference; explicitFileType = wrapper.application; includeInIndex = 0; path = TheMovieDB.app; sourceTree = BUILT_PRODUCTS_DIR; };
		ED08937C20585752004CC05F /* AppDelegate.swift */ = {isa = PBXFileReference; lastKnownFileType = sourcecode.swift; path = AppDelegate.swift; sourceTree = "<group>"; };
		ED08938120585752004CC05F /* Base */ = {isa = PBXFileReference; lastKnownFileType = file.storyboard; name = Base; path = Base.lproj/Main.storyboard; sourceTree = "<group>"; };
		ED08938320585752004CC05F /* Assets.xcassets */ = {isa = PBXFileReference; lastKnownFileType = folder.assetcatalog; path = Assets.xcassets; sourceTree = "<group>"; };
		ED08938620585752004CC05F /* Base */ = {isa = PBXFileReference; lastKnownFileType = file.storyboard; name = Base; path = Base.lproj/LaunchScreen.storyboard; sourceTree = "<group>"; };
		ED08938820585752004CC05F /* Info.plist */ = {isa = PBXFileReference; lastKnownFileType = text.plist.xml; path = Info.plist; sourceTree = "<group>"; };
		ED08938D20585753004CC05F /* TheMovieDBTests.xctest */ = {isa = PBXFileReference; explicitFileType = wrapper.cfbundle; includeInIndex = 0; path = TheMovieDBTests.xctest; sourceTree = BUILT_PRODUCTS_DIR; };
		ED08939320585753004CC05F /* Info.plist */ = {isa = PBXFileReference; lastKnownFileType = text.plist.xml; path = Info.plist; sourceTree = "<group>"; };
		ED08939820585753004CC05F /* TheMovieDBUITests.xctest */ = {isa = PBXFileReference; explicitFileType = wrapper.cfbundle; includeInIndex = 0; path = TheMovieDBUITests.xctest; sourceTree = BUILT_PRODUCTS_DIR; };
		ED08939C20585753004CC05F /* TheMovieDBUITests.swift */ = {isa = PBXFileReference; lastKnownFileType = sourcecode.swift; path = TheMovieDBUITests.swift; sourceTree = "<group>"; };
		ED08939E20585753004CC05F /* Info.plist */ = {isa = PBXFileReference; lastKnownFileType = text.plist.xml; path = Info.plist; sourceTree = "<group>"; };
		ED16D842205882C8002A0B2C /* HomeView.swift */ = {isa = PBXFileReference; lastKnownFileType = sourcecode.swift; path = HomeView.swift; sourceTree = "<group>"; };
		ED16D844205882D3002A0B2C /* HomeViewModel.swift */ = {isa = PBXFileReference; lastKnownFileType = sourcecode.swift; path = HomeViewModel.swift; sourceTree = "<group>"; };
		ED16D84620588381002A0B2C /* HomeServiceModel.swift */ = {isa = PBXFileReference; lastKnownFileType = sourcecode.swift; path = HomeServiceModel.swift; sourceTree = "<group>"; };
		ED16D848205884AA002A0B2C /* Dates.swift */ = {isa = PBXFileReference; fileEncoding = 4; lastKnownFileType = sourcecode.swift; path = Dates.swift; sourceTree = "<group>"; };
		ED16D849205884AA002A0B2C /* Movie.swift */ = {isa = PBXFileReference; fileEncoding = 4; lastKnownFileType = sourcecode.swift; path = Movie.swift; sourceTree = "<group>"; };
		ED16D84A205884AB002A0B2C /* MoviesList.swift */ = {isa = PBXFileReference; fileEncoding = 4; lastKnownFileType = sourcecode.swift; path = MoviesList.swift; sourceTree = "<group>"; };
		ED16D84F205889BE002A0B2C /* HomeViewCell.swift */ = {isa = PBXFileReference; lastKnownFileType = sourcecode.swift; path = HomeViewCell.swift; sourceTree = "<group>"; };
		ED16D85120588BA7002A0B2C /* MovieViewCell.swift */ = {isa = PBXFileReference; lastKnownFileType = sourcecode.swift; path = MovieViewCell.swift; sourceTree = "<group>"; };
		ED16D85D20597A6C002A0B2C /* MovieDetailView.swift */ = {isa = PBXFileReference; lastKnownFileType = sourcecode.swift; path = MovieDetailView.swift; sourceTree = "<group>"; };
		ED16D85F20597AF6002A0B2C /* MovieDetailViewModel.swift */ = {isa = PBXFileReference; lastKnownFileType = sourcecode.swift; path = MovieDetailViewModel.swift; sourceTree = "<group>"; };
		ED16D86220597D97002A0B2C /* BelongsToCollection.swift */ = {isa = PBXFileReference; fileEncoding = 4; lastKnownFileType = sourcecode.swift; path = BelongsToCollection.swift; sourceTree = "<group>"; };
		ED16D86320597D98002A0B2C /* MovieDetail.swift */ = {isa = PBXFileReference; fileEncoding = 4; lastKnownFileType = sourcecode.swift; path = MovieDetail.swift; sourceTree = "<group>"; };
		ED16D86420597D98002A0B2C /* SpokenLanguages.swift */ = {isa = PBXFileReference; fileEncoding = 4; lastKnownFileType = sourcecode.swift; path = SpokenLanguages.swift; sourceTree = "<group>"; };
		ED16D86520597D98002A0B2C /* ProductionCountries.swift */ = {isa = PBXFileReference; fileEncoding = 4; lastKnownFileType = sourcecode.swift; path = ProductionCountries.swift; sourceTree = "<group>"; };
		ED16D86620597D99002A0B2C /* ProductionCompanies.swift */ = {isa = PBXFileReference; fileEncoding = 4; lastKnownFileType = sourcecode.swift; path = ProductionCompanies.swift; sourceTree = "<group>"; };
		ED16D86720597D99002A0B2C /* Genres.swift */ = {isa = PBXFileReference; fileEncoding = 4; lastKnownFileType = sourcecode.swift; path = Genres.swift; sourceTree = "<group>"; };
		ED16D86E20597E5E002A0B2C /* MovieDetailServiceModel.swift */ = {isa = PBXFileReference; lastKnownFileType = sourcecode.swift; path = MovieDetailServiceModel.swift; sourceTree = "<group>"; };
		ED16D87120599CC7002A0B2C /* SearchMovie.swift */ = {isa = PBXFileReference; fileEncoding = 4; lastKnownFileType = sourcecode.swift; path = SearchMovie.swift; sourceTree = "<group>"; };
		ED16D87420599D10002A0B2C /* SearchPerson.swift */ = {isa = PBXFileReference; fileEncoding = 4; lastKnownFileType = sourcecode.swift; path = SearchPerson.swift; sourceTree = "<group>"; };
		ED16D87920599DAB002A0B2C /* MoviesGenres.swift */ = {isa = PBXFileReference; fileEncoding = 4; lastKnownFileType = sourcecode.swift; path = MoviesGenres.swift; sourceTree = "<group>"; };
		ED16D87D20599E29002A0B2C /* SearchMoviesGenre.swift */ = {isa = PBXFileReference; fileEncoding = 4; lastKnownFileType = sourcecode.swift; path = SearchMoviesGenre.swift; sourceTree = "<group>"; };
		ED16D87F20599F90002A0B2C /* SearchView.swift */ = {isa = PBXFileReference; lastKnownFileType = sourcecode.swift; path = SearchView.swift; sourceTree = "<group>"; };
		ED16D8832059A008002A0B2C /* SearchViewModel.swift */ = {isa = PBXFileReference; lastKnownFileType = sourcecode.swift; path = SearchViewModel.swift; sourceTree = "<group>"; };
		ED16D8872059A07F002A0B2C /* SearchServiceModel.swift */ = {isa = PBXFileReference; lastKnownFileType = sourcecode.swift; path = SearchServiceModel.swift; sourceTree = "<group>"; };
		ED16D8892059A34F002A0B2C /* SearchResultView.swift */ = {isa = PBXFileReference; lastKnownFileType = sourcecode.swift; path = SearchResultView.swift; sourceTree = "<group>"; };
		ED16D88B2059A3A0002A0B2C /* SearchResultViewCell.swift */ = {isa = PBXFileReference; lastKnownFileType = sourcecode.swift; path = SearchResultViewCell.swift; sourceTree = "<group>"; };
		ED3833E32093324C0079D48F /* PersonView.swift */ = {isa = PBXFileReference; lastKnownFileType = sourcecode.swift; path = PersonView.swift; sourceTree = "<group>"; };
		ED3833E5209332590079D48F /* PersonViewModel.swift */ = {isa = PBXFileReference; lastKnownFileType = sourcecode.swift; path = PersonViewModel.swift; sourceTree = "<group>"; };
		ED3833E7209339870079D48F /* Person.swift */ = {isa = PBXFileReference; fileEncoding = 4; lastKnownFileType = sourcecode.swift; path = Person.swift; sourceTree = "<group>"; };
		ED3833E920933A3E0079D48F /* PersonServiceModel.swift */ = {isa = PBXFileReference; lastKnownFileType = sourcecode.swift; path = PersonServiceModel.swift; sourceTree = "<group>"; };
		ED3833EB2093759F0079D48F /* ExternalIds.swift */ = {isa = PBXFileReference; fileEncoding = 4; lastKnownFileType = sourcecode.swift; path = ExternalIds.swift; sourceTree = "<group>"; };
		ED3833F0209378C20079D48F /* SocialMedia.swift */ = {isa = PBXFileReference; lastKnownFileType = sourcecode.swift; path = SocialMedia.swift; sourceTree = "<group>"; };
		ED3833F420938BA50079D48F /* PopularPeopleView.swift */ = {isa = PBXFileReference; lastKnownFileType = sourcecode.swift; path = PopularPeopleView.swift; sourceTree = "<group>"; };
		ED3833F620938BBA0079D48F /* PopularPersonViewCell.swift */ = {isa = PBXFileReference; lastKnownFileType = sourcecode.swift; path = PopularPersonViewCell.swift; sourceTree = "<group>"; };
		ED3833FA20938CB00079D48F /* PopularPeopleServiceModel.swift */ = {isa = PBXFileReference; lastKnownFileType = sourcecode.swift; path = PopularPeopleServiceModel.swift; sourceTree = "<group>"; };
		ED3833FC20938CBF0079D48F /* PopularPeopleViewModel.swift */ = {isa = PBXFileReference; lastKnownFileType = sourcecode.swift; path = PopularPeopleViewModel.swift; sourceTree = "<group>"; };
		ED3833FF20938E980079D48F /* KnownFor.swift */ = {isa = PBXFileReference; fileEncoding = 4; lastKnownFileType = sourcecode.swift; path = KnownFor.swift; sourceTree = "<group>"; };
		ED38340020938E980079D48F /* PopularPeople.swift */ = {isa = PBXFileReference; fileEncoding = 4; lastKnownFileType = sourcecode.swift; path = PopularPeople.swift; sourceTree = "<group>"; };
		ED3834052093914C0079D48F /* PopularPersonCellViewModel.swift */ = {isa = PBXFileReference; lastKnownFileType = sourcecode.swift; path = PopularPersonCellViewModel.swift; sourceTree = "<group>"; };
		ED38340A20940DEB0079D48F /* TVShowServiceModel.swift */ = {isa = PBXFileReference; lastKnownFileType = sourcecode.swift; path = TVShowServiceModel.swift; sourceTree = "<group>"; };
		ED38340C20940DFC0079D48F /* TVShowViewModel.swift */ = {isa = PBXFileReference; lastKnownFileType = sourcecode.swift; path = TVShowViewModel.swift; sourceTree = "<group>"; };
		ED38340E20940E130079D48F /* TVShowView.swift */ = {isa = PBXFileReference; lastKnownFileType = sourcecode.swift; path = TVShowView.swift; sourceTree = "<group>"; };
		ED38341020940E340079D48F /* TVShowViewCell.swift */ = {isa = PBXFileReference; lastKnownFileType = sourcecode.swift; path = TVShowViewCell.swift; sourceTree = "<group>"; };
		ED3834122094111D0079D48F /* TVShowCellViewModel.swift */ = {isa = PBXFileReference; lastKnownFileType = sourcecode.swift; path = TVShowCellViewModel.swift; sourceTree = "<group>"; };
		ED38341520941C4D0079D48F /* TVShowDetail.swift */ = {isa = PBXFileReference; fileEncoding = 4; lastKnownFileType = sourcecode.swift; path = TVShowDetail.swift; sourceTree = "<group>"; };
		ED38341620941C4D0079D48F /* Networks.swift */ = {isa = PBXFileReference; fileEncoding = 4; lastKnownFileType = sourcecode.swift; path = Networks.swift; sourceTree = "<group>"; };
		ED38341720941C4E0079D48F /* CreatedBy.swift */ = {isa = PBXFileReference; fileEncoding = 4; lastKnownFileType = sourcecode.swift; path = CreatedBy.swift; sourceTree = "<group>"; };
		ED38341820941C4E0079D48F /* Seasons.swift */ = {isa = PBXFileReference; fileEncoding = 4; lastKnownFileType = sourcecode.swift; path = Seasons.swift; sourceTree = "<group>"; };
		ED38341D20941C9D0079D48F /* TVShowDetailView.swift */ = {isa = PBXFileReference; lastKnownFileType = sourcecode.swift; path = TVShowDetailView.swift; sourceTree = "<group>"; };
		ED38341F20941CB70079D48F /* TVShowDetailViewModel.swift */ = {isa = PBXFileReference; lastKnownFileType = sourcecode.swift; path = TVShowDetailViewModel.swift; sourceTree = "<group>"; };
		ED38342120941CD20079D48F /* TVShowDetailServiceModel.swift */ = {isa = PBXFileReference; lastKnownFileType = sourcecode.swift; path = TVShowDetailServiceModel.swift; sourceTree = "<group>"; };
		ED383424209422AC0079D48F /* StretchHeaderView.swift */ = {isa = PBXFileReference; lastKnownFileType = sourcecode.swift; path = StretchHeaderView.swift; sourceTree = "<group>"; };
		ED383426209498FA0079D48F /* SeasonView.xib */ = {isa = PBXFileReference; lastKnownFileType = file.xib; path = SeasonView.xib; sourceTree = "<group>"; };
		ED38342820949AC70079D48F /* SeasonView.swift */ = {isa = PBXFileReference; lastKnownFileType = sourcecode.swift; path = SeasonView.swift; sourceTree = "<group>"; };
		ED38342D2094AB5A0079D48F /* Movie.storyboard */ = {isa = PBXFileReference; lastKnownFileType = file.storyboard; path = Movie.storyboard; sourceTree = "<group>"; };
		ED38342F2094AB660079D48F /* TVShow.storyboard */ = {isa = PBXFileReference; lastKnownFileType = file.storyboard; path = TVShow.storyboard; sourceTree = "<group>"; };
		ED3834312094AB6F0079D48F /* PopularPeople.storyboard */ = {isa = PBXFileReference; lastKnownFileType = file.storyboard; path = PopularPeople.storyboard; sourceTree = "<group>"; };
		ED3834342094ABDB0079D48F /* Generic.storyboard */ = {isa = PBXFileReference; lastKnownFileType = file.storyboard; path = Generic.storyboard; sourceTree = "<group>"; };
		ED3834372094ACB20079D48F /* Search.storyboard */ = {isa = PBXFileReference; lastKnownFileType = file.storyboard; path = Search.storyboard; sourceTree = "<group>"; };
		ED65BEAC20909E690091D93B /* TheMovieDB-Bridging-Header.h */ = {isa = PBXFileReference; lastKnownFileType = sourcecode.c.h; path = "TheMovieDB-Bridging-Header.h"; sourceTree = "<group>"; };
		ED65BEB120909EF90091D93B /* iCarousel.m */ = {isa = PBXFileReference; fileEncoding = 4; lastKnownFileType = sourcecode.c.objc; path = iCarousel.m; sourceTree = "<group>"; };
		ED65BEB220909EFA0091D93B /* iCarousel.h */ = {isa = PBXFileReference; fileEncoding = 4; lastKnownFileType = sourcecode.c.h; path = iCarousel.h; sourceTree = "<group>"; };
		ED65BEB82090A55C0091D93B /* VideosList.swift */ = {isa = PBXFileReference; fileEncoding = 4; lastKnownFileType = sourcecode.swift; path = VideosList.swift; sourceTree = "<group>"; };
		ED65BEB92090A55C0091D93B /* Video.swift */ = {isa = PBXFileReference; fileEncoding = 4; lastKnownFileType = sourcecode.swift; path = Video.swift; sourceTree = "<group>"; };
		ED65BEC42091E97A0091D93B /* HomeTests.swift */ = {isa = PBXFileReference; lastKnownFileType = sourcecode.swift; path = HomeTests.swift; sourceTree = "<group>"; };
		ED65BECB2091EEFC0091D93B /* JSONWrapper.swift */ = {isa = PBXFileReference; fileEncoding = 4; lastKnownFileType = sourcecode.swift; path = JSONWrapper.swift; sourceTree = "<group>"; };
		ED65BECF2091F1300091D93B /* similar.json */ = {isa = PBXFileReference; fileEncoding = 4; lastKnownFileType = text.json; path = similar.json; sourceTree = "<group>"; };
		ED65BED02091F1300091D93B /* popular.json */ = {isa = PBXFileReference; fileEncoding = 4; lastKnownFileType = text.json; path = popular.json; sourceTree = "<group>"; };
		ED65BED12091F1300091D93B /* searchByGenre.json */ = {isa = PBXFileReference; fileEncoding = 4; lastKnownFileType = text.json; path = searchByGenre.json; sourceTree = "<group>"; };
		ED65BED22091F1300091D93B /* genres.json */ = {isa = PBXFileReference; fileEncoding = 4; lastKnownFileType = text.json; path = genres.json; sourceTree = "<group>"; };
		ED65BED32091F1310091D93B /* recommendations.json */ = {isa = PBXFileReference; fileEncoding = 4; lastKnownFileType = text.json; path = recommendations.json; sourceTree = "<group>"; };
		ED65BED42091F1310091D93B /* searchMovie.json */ = {isa = PBXFileReference; fileEncoding = 4; lastKnownFileType = text.json; path = searchMovie.json; sourceTree = "<group>"; };
		ED65BED52091F1310091D93B /* upcoming.json */ = {isa = PBXFileReference; fileEncoding = 4; lastKnownFileType = text.json; path = upcoming.json; sourceTree = "<group>"; };
		ED65BED62091F1320091D93B /* movie.json */ = {isa = PBXFileReference; fileEncoding = 4; lastKnownFileType = text.json; path = movie.json; sourceTree = "<group>"; };
		ED65BED72091F1320091D93B /* topRated.json */ = {isa = PBXFileReference; fileEncoding = 4; lastKnownFileType = text.json; path = topRated.json; sourceTree = "<group>"; };
		ED65BED82091F1320091D93B /* videos.json */ = {isa = PBXFileReference; fileEncoding = 4; lastKnownFileType = text.json; path = videos.json; sourceTree = "<group>"; };
		ED65BED92091F1330091D93B /* nowPlaying.json */ = {isa = PBXFileReference; fileEncoding = 4; lastKnownFileType = text.json; path = nowPlaying.json; sourceTree = "<group>"; };
		ED65BEE52091FF0F0091D93B /* MovieDetailTests.swift */ = {isa = PBXFileReference; lastKnownFileType = sourcecode.swift; path = MovieDetailTests.swift; sourceTree = "<group>"; };
		ED65BEE72091FF2A0091D93B /* Tests.swift */ = {isa = PBXFileReference; lastKnownFileType = sourcecode.swift; path = Tests.swift; sourceTree = "<group>"; };
		ED65BEE920920E190091D93B /* SearchTests.swift */ = {isa = PBXFileReference; lastKnownFileType = sourcecode.swift; path = SearchTests.swift; sourceTree = "<group>"; };
		ED65BEEB209238B80091D93B /* CreditsList.swift */ = {isa = PBXFileReference; fileEncoding = 4; lastKnownFileType = sourcecode.swift; path = CreditsList.swift; sourceTree = "<group>"; };
		ED65BEEC209238B80091D93B /* ReviewsList.swift */ = {isa = PBXFileReference; fileEncoding = 4; lastKnownFileType = sourcecode.swift; path = ReviewsList.swift; sourceTree = "<group>"; };
		ED65BEED209238BA0091D93B /* Review.swift */ = {isa = PBXFileReference; fileEncoding = 4; lastKnownFileType = sourcecode.swift; path = Review.swift; sourceTree = "<group>"; };
		ED65BEEE209238BA0091D93B /* Cast.swift */ = {isa = PBXFileReference; fileEncoding = 4; lastKnownFileType = sourcecode.swift; path = Cast.swift; sourceTree = "<group>"; };
		ED65BEEF209238BB0091D93B /* Crew.swift */ = {isa = PBXFileReference; fileEncoding = 4; lastKnownFileType = sourcecode.swift; path = Crew.swift; sourceTree = "<group>"; };
		ED65BEF920923C990091D93B /* CastView.xib */ = {isa = PBXFileReference; lastKnownFileType = file.xib; path = CastView.xib; sourceTree = "<group>"; };
		ED65BEFC20923EA20091D93B /* XibView.swift */ = {isa = PBXFileReference; lastKnownFileType = sourcecode.swift; path = XibView.swift; sourceTree = "<group>"; };
		ED65BEFE20923F040091D93B /* CastView.swift */ = {isa = PBXFileReference; lastKnownFileType = sourcecode.swift; path = CastView.swift; sourceTree = "<group>"; };
		ED65BF00209245430091D93B /* MovieView.swift */ = {isa = PBXFileReference; lastKnownFileType = sourcecode.swift; path = MovieView.swift; sourceTree = "<group>"; };
		ED65BF02209245610091D93B /* MovieView.xib */ = {isa = PBXFileReference; lastKnownFileType = file.xib; path = MovieView.xib; sourceTree = "<group>"; };
		ED65BF0420925B8E0091D93B /* PlayerView.xib */ = {isa = PBXFileReference; lastKnownFileType = file.xib; path = PlayerView.xib; sourceTree = "<group>"; };
		ED65BF0620925C280091D93B /* PlayerView.swift */ = {isa = PBXFileReference; lastKnownFileType = sourcecode.swift; path = PlayerView.swift; sourceTree = "<group>"; };
		ED65BF08209261C00091D93B /* ReviewsView.swift */ = {isa = PBXFileReference; lastKnownFileType = sourcecode.swift; path = ReviewsView.swift; sourceTree = "<group>"; };
		EDC6C01220585A4400D843EC /* CollectionView.swift */ = {isa = PBXFileReference; fileEncoding = 4; lastKnownFileType = sourcecode.swift; path = CollectionView.swift; sourceTree = "<group>"; };
		EDC6C01720585A5500D843EC /* Date.swift */ = {isa = PBXFileReference; fileEncoding = 4; lastKnownFileType = sourcecode.swift; path = Date.swift; sourceTree = "<group>"; };
		EDC6C01B20585A6300D843EC /* LoadingView.swift */ = {isa = PBXFileReference; fileEncoding = 4; lastKnownFileType = sourcecode.swift; path = LoadingView.swift; sourceTree = "<group>"; };
		EDC6C01D20585A6D00D843EC /* HexColor.swift */ = {isa = PBXFileReference; fileEncoding = 4; lastKnownFileType = sourcecode.swift; path = HexColor.swift; sourceTree = "<group>"; };
		EDC6C01F20585A7500D843EC /* AlertComponent.swift */ = {isa = PBXFileReference; fileEncoding = 4; lastKnownFileType = sourcecode.swift; path = AlertComponent.swift; sourceTree = "<group>"; };
		EDC6C02220585A7D00D843EC /* Extensions.swift */ = {isa = PBXFileReference; fileEncoding = 4; lastKnownFileType = sourcecode.swift; path = Extensions.swift; sourceTree = "<group>"; };
		EDC6C02320585A7D00D843EC /* Appearance.swift */ = {isa = PBXFileReference; fileEncoding = 4; lastKnownFileType = sourcecode.swift; path = Appearance.swift; sourceTree = "<group>"; };
		EDC6C02720585A8300D843EC /* General.swift */ = {isa = PBXFileReference; fileEncoding = 4; lastKnownFileType = sourcecode.swift; path = General.swift; sourceTree = "<group>"; };
		EDC6C02920585A8C00D843EC /* Session.swift */ = {isa = PBXFileReference; fileEncoding = 4; lastKnownFileType = sourcecode.swift; path = Session.swift; sourceTree = "<group>"; };
		EDC6C02A20585A8C00D843EC /* FileManager.swift */ = {isa = PBXFileReference; fileEncoding = 4; lastKnownFileType = sourcecode.swift; path = FileManager.swift; sourceTree = "<group>"; };
		EDC6C02B20585A8C00D843EC /* EnvironmentHost.swift */ = {isa = PBXFileReference; fileEncoding = 4; lastKnownFileType = sourcecode.swift; path = EnvironmentHost.swift; sourceTree = "<group>"; };
		EDC6C02C20585A8C00D843EC /* Connection.swift */ = {isa = PBXFileReference; fileEncoding = 4; lastKnownFileType = sourcecode.swift; path = Connection.swift; sourceTree = "<group>"; };
		EDC6C03120585A9200D843EC /* Constants.swift */ = {isa = PBXFileReference; fileEncoding = 4; lastKnownFileType = sourcecode.swift; path = Constants.swift; sourceTree = "<group>"; };
		EDC6C03220585A9200D843EC /* Messages.swift */ = {isa = PBXFileReference; fileEncoding = 4; lastKnownFileType = sourcecode.swift; path = Messages.swift; sourceTree = "<group>"; };
		EDC6C03520585B9D00D843EC /* RequestLinks.plist */ = {isa = PBXFileReference; fileEncoding = 4; lastKnownFileType = text.plist.xml; path = RequestLinks.plist; sourceTree = "<group>"; };
		EDC6C03620585B9D00D843EC /* EnvironmentLinks.plist */ = {isa = PBXFileReference; fileEncoding = 4; lastKnownFileType = text.plist.xml; path = EnvironmentLinks.plist; sourceTree = "<group>"; };
		EDC6C03A2058663000D843EC /* Model.swift */ = {isa = PBXFileReference; fileEncoding = 4; lastKnownFileType = sourcecode.swift; path = Model.swift; sourceTree = "<group>"; };
		EDC6C03B2058663000D843EC /* ServiceModel.swift */ = {isa = PBXFileReference; fileEncoding = 4; lastKnownFileType = sourcecode.swift; path = ServiceModel.swift; sourceTree = "<group>"; };
		EDC6C03C2058663000D843EC /* ViewModel.swift */ = {isa = PBXFileReference; fileEncoding = 4; lastKnownFileType = sourcecode.swift; path = ViewModel.swift; sourceTree = "<group>"; };
		EDC6C07A20586DB300D843EC /* DateHelper.swift */ = {isa = PBXFileReference; fileEncoding = 4; lastKnownFileType = sourcecode.swift; path = DateHelper.swift; sourceTree = "<group>"; };
		EDC6C07B20586DB400D843EC /* DateHelper.h */ = {isa = PBXFileReference; fileEncoding = 4; lastKnownFileType = sourcecode.c.h; path = DateHelper.h; sourceTree = "<group>"; };
/* End PBXFileReference section */

/* Begin PBXFrameworksBuildPhase section */
		ED08937620585752004CC05F /* Frameworks */ = {
			isa = PBXFrameworksBuildPhase;
			buildActionMask = 2147483647;
			files = (
				B77CDFD8B8D6204CDD55445F /* Pods_TheMovieDB.framework in Frameworks */,
			);
			runOnlyForDeploymentPostprocessing = 0;
		};
		ED08938A20585753004CC05F /* Frameworks */ = {
			isa = PBXFrameworksBuildPhase;
			buildActionMask = 2147483647;
			files = (
				CFFC53B9159E4F2F1D586DEF /* Pods_TheMovieDBTests.framework in Frameworks */,
			);
			runOnlyForDeploymentPostprocessing = 0;
		};
		ED08939520585753004CC05F /* Frameworks */ = {
			isa = PBXFrameworksBuildPhase;
			buildActionMask = 2147483647;
			files = (
				0F202C7921E08B27ABC30404 /* Pods_TheMovieDBUITests.framework in Frameworks */,
			);
			runOnlyForDeploymentPostprocessing = 0;
		};
/* End PBXFrameworksBuildPhase section */

/* Begin PBXGroup section */
		63BF005D006B4A79CC05A38D /* Pods */ = {
			isa = PBXGroup;
			children = (
				434897671A574FE8B45AAF96 /* Pods-TheMovieDB.debug.xcconfig */,
				1AB9923C76FBA93BBDA1BB5F /* Pods-TheMovieDB.release.xcconfig */,
				22EDF7D6BAACCB5FAB3610D5 /* Pods-TheMovieDBTests.debug.xcconfig */,
				DF1229885E5F880E249A26D8 /* Pods-TheMovieDBTests.release.xcconfig */,
				81B822BF0AA1669A20A61B4D /* Pods-TheMovieDBUITests.debug.xcconfig */,
				576EA3BF9F2F811CD58CF4D3 /* Pods-TheMovieDBUITests.release.xcconfig */,
			);
			name = Pods;
			sourceTree = "<group>";
		};
		69729EC769037CA041321052 /* Frameworks */ = {
			isa = PBXGroup;
			children = (
				3FE8CEC28A8ABFA33C1289F0 /* Pods_TheMovieDB.framework */,
				167C183BC3A55D1D22314AB7 /* Pods_TheMovieDBTests.framework */,
				1AB57BF6F7714149BA8002EC /* Pods_TheMovieDBUITests.framework */,
			);
			name = Frameworks;
			sourceTree = "<group>";
		};
		ED08937020585752004CC05F = {
			isa = PBXGroup;
			children = (
				ED08937B20585752004CC05F /* TheMovieDB */,
				ED08939020585753004CC05F /* TheMovieDBTests */,
				ED08939B20585753004CC05F /* TheMovieDBUITests */,
				ED08937A20585752004CC05F /* Products */,
				63BF005D006B4A79CC05A38D /* Pods */,
				69729EC769037CA041321052 /* Frameworks */,
			);
			sourceTree = "<group>";
		};
		ED08937A20585752004CC05F /* Products */ = {
			isa = PBXGroup;
			children = (
				ED08937920585752004CC05F /* TheMovieDB.app */,
				ED08938D20585753004CC05F /* TheMovieDBTests.xctest */,
				ED08939820585753004CC05F /* TheMovieDBUITests.xctest */,
			);
			name = Products;
			sourceTree = "<group>";
		};
		ED08937B20585752004CC05F /* TheMovieDB */ = {
			isa = PBXGroup;
			children = (
				EDC6BFFF2058593B00D843EC /* Utils */,
				EDC6BFFE2058593700D843EC /* Model */,
				EDC6BFFD2058593300D843EC /* View */,
				ED16D841205882AB002A0B2C /* ViewModel */,
				EDC6BFFC2058592700D843EC /* ServiceModel */,
				ED65BEF620923C640091D93B /* UserInterface */,
				ED08937C20585752004CC05F /* AppDelegate.swift */,
				ED08938320585752004CC05F /* Assets.xcassets */,
				EDC6BFFB2058590D00D843EC /* Supporting Files */,
			);
			path = TheMovieDB;
			sourceTree = "<group>";
		};
		ED08939020585753004CC05F /* TheMovieDBTests */ = {
			isa = PBXGroup;
			children = (
				ED65BEC32091E95B0091D93B /* Home */,
				ED08939320585753004CC05F /* Info.plist */,
			);
			path = TheMovieDBTests;
			sourceTree = "<group>";
		};
		ED08939B20585753004CC05F /* TheMovieDBUITests */ = {
			isa = PBXGroup;
			children = (
				ED08939C20585753004CC05F /* TheMovieDBUITests.swift */,
				ED08939E20585753004CC05F /* Info.plist */,
			);
			path = TheMovieDBUITests;
			sourceTree = "<group>";
		};
		ED16D841205882AB002A0B2C /* ViewModel */ = {
			isa = PBXGroup;
			children = (
				ED16D88120599FEF002A0B2C /* Home */,
				ED38340720940DB40079D48F /* TV Show */,
				ED3833F920938C9A0079D48F /* PopularPeople */,
				ED16D88220599FF6002A0B2C /* Search */,
			);
			path = ViewModel;
			sourceTree = "<group>";
		};
		ED16D85B20597A43002A0B2C /* Search */ = {
			isa = PBXGroup;
			children = (
				ED16D87F20599F90002A0B2C /* SearchView.swift */,
				ED16D8892059A34F002A0B2C /* SearchResultView.swift */,
				ED16D88B2059A3A0002A0B2C /* SearchResultViewCell.swift */,
			);
			path = Search;
			sourceTree = "<group>";
		};
		ED16D85C20597A46002A0B2C /* Home */ = {
			isa = PBXGroup;
			children = (
				ED16D842205882C8002A0B2C /* HomeView.swift */,
				ED16D84F205889BE002A0B2C /* HomeViewCell.swift */,
				ED3833E12093322B0079D48F /* Movie */,
				ED3833E2209332300079D48F /* Person */,
			);
			name = Home;
			path = "New Group";
			sourceTree = "<group>";
		};
		ED16D86120597D59002A0B2C /* Movie */ = {
			isa = PBXGroup;
			children = (
				ED16D848205884AA002A0B2C /* Dates.swift */,
				ED16D84A205884AB002A0B2C /* MoviesList.swift */,
				ED16D849205884AA002A0B2C /* Movie.swift */,
				ED16D86320597D98002A0B2C /* MovieDetail.swift */,
				ED16D86220597D97002A0B2C /* BelongsToCollection.swift */,
				ED16D86720597D99002A0B2C /* Genres.swift */,
				ED16D86620597D99002A0B2C /* ProductionCompanies.swift */,
				ED16D86520597D98002A0B2C /* ProductionCountries.swift */,
				ED16D86420597D98002A0B2C /* SpokenLanguages.swift */,
				ED65BEB92090A55C0091D93B /* Video.swift */,
				ED65BEB82090A55C0091D93B /* VideosList.swift */,
				ED65BEEE209238BA0091D93B /* Cast.swift */,
				ED65BEEB209238B80091D93B /* CreditsList.swift */,
				ED65BEEF209238BB0091D93B /* Crew.swift */,
				ED65BEED209238BA0091D93B /* Review.swift */,
				ED65BEEC209238B80091D93B /* ReviewsList.swift */,
				ED3833EB2093759F0079D48F /* ExternalIds.swift */,
			);
			path = Movie;
			sourceTree = "<group>";
		};
		ED16D87020599C87002A0B2C /* Search */ = {
			isa = PBXGroup;
			children = (
				ED16D87120599CC7002A0B2C /* SearchMovie.swift */,
				ED16D87420599D10002A0B2C /* SearchPerson.swift */,
				ED16D87920599DAB002A0B2C /* MoviesGenres.swift */,
				ED16D87D20599E29002A0B2C /* SearchMoviesGenre.swift */,
				ED3833E7209339870079D48F /* Person.swift */,
			);
			path = Search;
			sourceTree = "<group>";
		};
		ED16D88120599FEF002A0B2C /* Home */ = {
			isa = PBXGroup;
			children = (
				ED16D844205882D3002A0B2C /* HomeViewModel.swift */,
				ED16D85F20597AF6002A0B2C /* MovieDetailViewModel.swift */,
				ED3833E5209332590079D48F /* PersonViewModel.swift */,
			);
			path = Home;
			sourceTree = "<group>";
		};
		ED16D88220599FF6002A0B2C /* Search */ = {
			isa = PBXGroup;
			children = (
				ED16D8832059A008002A0B2C /* SearchViewModel.swift */,
			);
			path = Search;
			sourceTree = "<group>";
		};
		ED16D8852059A06D002A0B2C /* Search */ = {
			isa = PBXGroup;
			children = (
				ED16D8872059A07F002A0B2C /* SearchServiceModel.swift */,
			);
			path = Search;
			sourceTree = "<group>";
		};
		ED16D8862059A071002A0B2C /* Home */ = {
			isa = PBXGroup;
			children = (
				ED16D84620588381002A0B2C /* HomeServiceModel.swift */,
				ED16D86E20597E5E002A0B2C /* MovieDetailServiceModel.swift */,
				ED3833E920933A3E0079D48F /* PersonServiceModel.swift */,
			);
			path = Home;
			sourceTree = "<group>";
		};
		ED3833E12093322B0079D48F /* Movie */ = {
			isa = PBXGroup;
			children = (
				ED16D85120588BA7002A0B2C /* MovieViewCell.swift */,
				ED16D85D20597A6C002A0B2C /* MovieDetailView.swift */,
				ED65BF00209245430091D93B /* MovieView.swift */,
				ED65BEFE20923F040091D93B /* CastView.swift */,
				ED65BF0620925C280091D93B /* PlayerView.swift */,
				ED65BF08209261C00091D93B /* ReviewsView.swift */,
			);
			path = Movie;
			sourceTree = "<group>";
		};
		ED3833E2209332300079D48F /* Person */ = {
			isa = PBXGroup;
			children = (
				ED3833E32093324C0079D48F /* PersonView.swift */,
			);
			path = Person;
			sourceTree = "<group>";
		};
		ED3833EF209378B00079D48F /* SocialMedia */ = {
			isa = PBXGroup;
			children = (
				ED3833F0209378C20079D48F /* SocialMedia.swift */,
			);
			path = SocialMedia;
			sourceTree = "<group>";
		};
		ED3833F320938B920079D48F /* PopularPeople */ = {
			isa = PBXGroup;
			children = (
				ED3833F420938BA50079D48F /* PopularPeopleView.swift */,
				ED3833F620938BBA0079D48F /* PopularPersonViewCell.swift */,
			);
			path = PopularPeople;
			sourceTree = "<group>";
		};
		ED3833F820938C8A0079D48F /* PopularPeople */ = {
			isa = PBXGroup;
			children = (
				ED3833FA20938CB00079D48F /* PopularPeopleServiceModel.swift */,
			);
			path = PopularPeople;
			sourceTree = "<group>";
		};
		ED3833F920938C9A0079D48F /* PopularPeople */ = {
			isa = PBXGroup;
			children = (
				ED3833FC20938CBF0079D48F /* PopularPeopleViewModel.swift */,
				ED3834052093914C0079D48F /* PopularPersonCellViewModel.swift */,
			);
			path = PopularPeople;
			sourceTree = "<group>";
		};
		ED3833FE20938E7C0079D48F /* PopularPeople */ = {
			isa = PBXGroup;
			children = (
				ED3833FF20938E980079D48F /* KnownFor.swift */,
				ED38340020938E980079D48F /* PopularPeople.swift */,
			);
			path = PopularPeople;
			sourceTree = "<group>";
		};
		ED38340720940DB40079D48F /* TV Show */ = {
			isa = PBXGroup;
			children = (
				ED38340C20940DFC0079D48F /* TVShowViewModel.swift */,
				ED3834122094111D0079D48F /* TVShowCellViewModel.swift */,
				ED38341F20941CB70079D48F /* TVShowDetailViewModel.swift */,
				ED38342820949AC70079D48F /* SeasonView.swift */,
			);
			path = "TV Show";
			sourceTree = "<group>";
		};
		ED38340820940DC70079D48F /* TV Show */ = {
			isa = PBXGroup;
			children = (
				ED38340E20940E130079D48F /* TVShowView.swift */,
				ED38341020940E340079D48F /* TVShowViewCell.swift */,
				ED38341D20941C9D0079D48F /* TVShowDetailView.swift */,
			);
			path = "TV Show";
			sourceTree = "<group>";
		};
		ED38340920940DD40079D48F /* TV Show */ = {
			isa = PBXGroup;
			children = (
				ED38340A20940DEB0079D48F /* TVShowServiceModel.swift */,
				ED38342120941CD20079D48F /* TVShowDetailServiceModel.swift */,
			);
			path = "TV Show";
			sourceTree = "<group>";
		};
		ED38341420941C2B0079D48F /* TV Show */ = {
			isa = PBXGroup;
			children = (
				ED38341720941C4E0079D48F /* CreatedBy.swift */,
				ED38341620941C4D0079D48F /* Networks.swift */,
				ED38341820941C4E0079D48F /* Seasons.swift */,
				ED38341520941C4D0079D48F /* TVShowDetail.swift */,
			);
			path = "TV Show";
			sourceTree = "<group>";
		};
		ED3834232094227D0079D48F /* StretchHeaderView */ = {
			isa = PBXGroup;
			children = (
				ED383424209422AC0079D48F /* StretchHeaderView.swift */,
			);
			path = StretchHeaderView;
			sourceTree = "<group>";
		};
		ED38342A2094AB1C0079D48F /* Movie */ = {
			isa = PBXGroup;
			children = (
				ED38342D2094AB5A0079D48F /* Movie.storyboard */,
			);
			path = Movie;
			sourceTree = "<group>";
		};
		ED38342B2094AB290079D48F /* PopularPeople */ = {
			isa = PBXGroup;
			children = (
				ED3834312094AB6F0079D48F /* PopularPeople.storyboard */,
			);
			path = PopularPeople;
			sourceTree = "<group>";
		};
		ED38342C2094AB330079D48F /* TV Show */ = {
			isa = PBXGroup;
			children = (
				ED38342F2094AB660079D48F /* TVShow.storyboard */,
			);
			path = "TV Show";
			sourceTree = "<group>";
		};
		ED3834332094ABD00079D48F /* Generic */ = {
			isa = PBXGroup;
			children = (
				ED3834342094ABDB0079D48F /* Generic.storyboard */,
			);
			path = Generic;
			sourceTree = "<group>";
		};
		ED3834362094ACA70079D48F /* Search */ = {
			isa = PBXGroup;
			children = (
				ED3834372094ACB20079D48F /* Search.storyboard */,
			);
			path = Search;
			sourceTree = "<group>";
		};
		ED65BEB020909EE20091D93B /* iCarousel */ = {
			isa = PBXGroup;
			children = (
				ED65BEB220909EFA0091D93B /* iCarousel.h */,
				ED65BEB120909EF90091D93B /* iCarousel.m */,
			);
			path = iCarousel;
			sourceTree = "<group>";
		};
		ED65BEC32091E95B0091D93B /* Home */ = {
			isa = PBXGroup;
			children = (
				ED65BEE72091FF2A0091D93B /* Tests.swift */,
				ED65BEC42091E97A0091D93B /* HomeTests.swift */,
				ED65BEE52091FF0F0091D93B /* MovieDetailTests.swift */,
				ED65BEE920920E190091D93B /* SearchTests.swift */,
			);
			path = Home;
			sourceTree = "<group>";
		};
		ED65BECA2091EEFC0091D93B /* JSONWrapper */ = {
			isa = PBXGroup;
			children = (
				ED65BECB2091EEFC0091D93B /* JSONWrapper.swift */,
			);
			path = JSONWrapper;
			sourceTree = "<group>";
		};
		ED65BECD2091EF3B0091D93B /* Plists */ = {
			isa = PBXGroup;
			children = (
				ED08938820585752004CC05F /* Info.plist */,
				EDC6C03620585B9D00D843EC /* EnvironmentLinks.plist */,
				EDC6C03520585B9D00D843EC /* RequestLinks.plist */,
			);
			path = Plists;
			sourceTree = "<group>";
		};
		ED65BECE2091EF400091D93B /* Json */ = {
			isa = PBXGroup;
			children = (
				ED65BED22091F1300091D93B /* genres.json */,
				ED65BED62091F1320091D93B /* movie.json */,
				ED65BED92091F1330091D93B /* nowPlaying.json */,
				ED65BED02091F1300091D93B /* popular.json */,
				ED65BED32091F1310091D93B /* recommendations.json */,
				ED65BED12091F1300091D93B /* searchByGenre.json */,
				ED65BED42091F1310091D93B /* searchMovie.json */,
				ED65BECF2091F1300091D93B /* similar.json */,
				ED65BED72091F1320091D93B /* topRated.json */,
				ED65BED52091F1310091D93B /* upcoming.json */,
				ED65BED82091F1320091D93B /* videos.json */,
			);
			path = Json;
			sourceTree = "<group>";
		};
		ED65BEF620923C640091D93B /* UserInterface */ = {
			isa = PBXGroup;
			children = (
				ED65BEF720923C760091D93B /* Storyboard */,
				ED65BEF820923C860091D93B /* XIB */,
			);
			path = UserInterface;
			sourceTree = "<group>";
		};
		ED65BEF720923C760091D93B /* Storyboard */ = {
			isa = PBXGroup;
			children = (
				ED38342A2094AB1C0079D48F /* Movie */,
				ED38342C2094AB330079D48F /* TV Show */,
				ED38342B2094AB290079D48F /* PopularPeople */,
				ED3834362094ACA70079D48F /* Search */,
				ED3834332094ABD00079D48F /* Generic */,
				ED08938020585752004CC05F /* Main.storyboard */,
				ED08938520585752004CC05F /* LaunchScreen.storyboard */,
			);
			path = Storyboard;
			sourceTree = "<group>";
		};
		ED65BEF820923C860091D93B /* XIB */ = {
			isa = PBXGroup;
			children = (
				ED65BF02209245610091D93B /* MovieView.xib */,
				ED65BF0420925B8E0091D93B /* PlayerView.xib */,
				ED65BEF920923C990091D93B /* CastView.xib */,
				ED383426209498FA0079D48F /* SeasonView.xib */,
			);
			path = XIB;
			sourceTree = "<group>";
		};
		ED65BEFB20923E8E0091D93B /* XIB */ = {
			isa = PBXGroup;
			children = (
				ED65BEFC20923EA20091D93B /* XibView.swift */,
			);
			path = XIB;
			sourceTree = "<group>";
		};
		EDC6BFFB2058590D00D843EC /* Supporting Files */ = {
			isa = PBXGroup;
			children = (
				ED65BECE2091EF400091D93B /* Json */,
				ED65BECD2091EF3B0091D93B /* Plists */,
			);
			path = "Supporting Files";
			sourceTree = "<group>";
		};
		EDC6BFFC2058592700D843EC /* ServiceModel */ = {
			isa = PBXGroup;
			children = (
				ED16D8862059A071002A0B2C /* Home */,
				ED38340920940DD40079D48F /* TV Show */,
				ED3833F820938C8A0079D48F /* PopularPeople */,
				ED16D8852059A06D002A0B2C /* Search */,
			);
			path = ServiceModel;
			sourceTree = "<group>";
		};
		EDC6BFFD2058593300D843EC /* View */ = {
			isa = PBXGroup;
			children = (
				ED16D85C20597A46002A0B2C /* Home */,
				ED38340820940DC70079D48F /* TV Show */,
				ED3833F320938B920079D48F /* PopularPeople */,
				ED16D85B20597A43002A0B2C /* Search */,
			);
			path = View;
			sourceTree = "<group>";
		};
		EDC6BFFE2058593700D843EC /* Model */ = {
			isa = PBXGroup;
			children = (
				ED16D87020599C87002A0B2C /* Search */,
				ED16D86120597D59002A0B2C /* Movie */,
				ED38341420941C2B0079D48F /* TV Show */,
				ED3833FE20938E7C0079D48F /* PopularPeople */,
			);
			path = Model;
			sourceTree = "<group>";
		};
		EDC6BFFF2058593B00D843EC /* Utils */ = {
			isa = PBXGroup;
			children = (
				ED3834232094227D0079D48F /* StretchHeaderView */,
				EDC6C0392058662900D843EC /* MVVM */,
				EDC6C00B20585A1800D843EC /* CollectionView */,
				EDC6C008205859ED00D843EC /* Date */,
				EDC6C006205859D700D843EC /* Loading */,
				EDC6C005205859D300D843EC /* Color */,
				EDC6C004205859CB00D843EC /* Alert */,
				ED65BECA2091EEFC0091D93B /* JSONWrapper */,
				EDC6C003205859BE00D843EC /* Extensions */,
				EDC6C002205859AE00D843EC /* General */,
				EDC6C001205859A700D843EC /* Connection */,
				EDC6C000205859A000D843EC /* Constants */,
				ED65BEB020909EE20091D93B /* iCarousel */,
				ED65BEFB20923E8E0091D93B /* XIB */,
				ED3833EF209378B00079D48F /* SocialMedia */,
				ED65BEAC20909E690091D93B /* TheMovieDB-Bridging-Header.h */,
			);
			path = Utils;
			sourceTree = "<group>";
		};
		EDC6C000205859A000D843EC /* Constants */ = {
			isa = PBXGroup;
			children = (
				EDC6C03120585A9200D843EC /* Constants.swift */,
				EDC6C03220585A9200D843EC /* Messages.swift */,
			);
			path = Constants;
			sourceTree = "<group>";
		};
		EDC6C001205859A700D843EC /* Connection */ = {
			isa = PBXGroup;
			children = (
				EDC6C02C20585A8C00D843EC /* Connection.swift */,
				EDC6C02B20585A8C00D843EC /* EnvironmentHost.swift */,
				EDC6C02A20585A8C00D843EC /* FileManager.swift */,
				EDC6C02920585A8C00D843EC /* Session.swift */,
			);
			path = Connection;
			sourceTree = "<group>";
		};
		EDC6C002205859AE00D843EC /* General */ = {
			isa = PBXGroup;
			children = (
				EDC6C02720585A8300D843EC /* General.swift */,
			);
			path = General;
			sourceTree = "<group>";
		};
		EDC6C003205859BE00D843EC /* Extensions */ = {
			isa = PBXGroup;
			children = (
				EDC6C02320585A7D00D843EC /* Appearance.swift */,
				EDC6C02220585A7D00D843EC /* Extensions.swift */,
			);
			path = Extensions;
			sourceTree = "<group>";
		};
		EDC6C004205859CB00D843EC /* Alert */ = {
			isa = PBXGroup;
			children = (
				EDC6C01F20585A7500D843EC /* AlertComponent.swift */,
			);
			path = Alert;
			sourceTree = "<group>";
		};
		EDC6C005205859D300D843EC /* Color */ = {
			isa = PBXGroup;
			children = (
				EDC6C01D20585A6D00D843EC /* HexColor.swift */,
			);
			path = Color;
			sourceTree = "<group>";
		};
		EDC6C006205859D700D843EC /* Loading */ = {
			isa = PBXGroup;
			children = (
				EDC6C01B20585A6300D843EC /* LoadingView.swift */,
			);
			path = Loading;
			sourceTree = "<group>";
		};
		EDC6C008205859ED00D843EC /* Date */ = {
			isa = PBXGroup;
			children = (
				EDC6C01720585A5500D843EC /* Date.swift */,
				EDC6C07B20586DB400D843EC /* DateHelper.h */,
				EDC6C07A20586DB300D843EC /* DateHelper.swift */,
			);
			path = Date;
			sourceTree = "<group>";
		};
		EDC6C00B20585A1800D843EC /* CollectionView */ = {
			isa = PBXGroup;
			children = (
				EDC6C01220585A4400D843EC /* CollectionView.swift */,
			);
			path = CollectionView;
			sourceTree = "<group>";
		};
		EDC6C0392058662900D843EC /* MVVM */ = {
			isa = PBXGroup;
			children = (
				EDC6C03A2058663000D843EC /* Model.swift */,
				EDC6C03B2058663000D843EC /* ServiceModel.swift */,
				EDC6C03C2058663000D843EC /* ViewModel.swift */,
			);
			path = MVVM;
			sourceTree = "<group>";
		};
/* End PBXGroup section */

/* Begin PBXNativeTarget section */
		ED08937820585752004CC05F /* TheMovieDB */ = {
			isa = PBXNativeTarget;
			buildConfigurationList = ED0893A120585753004CC05F /* Build configuration list for PBXNativeTarget "TheMovieDB" */;
			buildPhases = (
				43A4C84805B0637EE1FF4000 /* [CP] Check Pods Manifest.lock */,
				ED08937520585752004CC05F /* Sources */,
				ED08937620585752004CC05F /* Frameworks */,
				ED08937720585752004CC05F /* Resources */,
				B5F09308A93A1D80973ACC48 /* [CP] Embed Pods Frameworks */,
			);
			buildRules = (
			);
			dependencies = (
			);
			name = TheMovieDB;
			productName = ArcTouchChallenge;
			productReference = ED08937920585752004CC05F /* TheMovieDB.app */;
			productType = "com.apple.product-type.application";
		};
		ED08938C20585753004CC05F /* TheMovieDBTests */ = {
			isa = PBXNativeTarget;
			buildConfigurationList = ED0893A420585753004CC05F /* Build configuration list for PBXNativeTarget "TheMovieDBTests" */;
			buildPhases = (
				E575232062AC80E2126A9971 /* [CP] Check Pods Manifest.lock */,
				ED08938920585753004CC05F /* Sources */,
				ED08938A20585753004CC05F /* Frameworks */,
				ED08938B20585753004CC05F /* Resources */,
			);
			buildRules = (
			);
			dependencies = (
				ED08938F20585753004CC05F /* PBXTargetDependency */,
			);
			name = TheMovieDBTests;
			productName = ArcTouchChallengeTests;
			productReference = ED08938D20585753004CC05F /* TheMovieDBTests.xctest */;
			productType = "com.apple.product-type.bundle.unit-test";
		};
		ED08939720585753004CC05F /* TheMovieDBUITests */ = {
			isa = PBXNativeTarget;
			buildConfigurationList = ED0893A720585753004CC05F /* Build configuration list for PBXNativeTarget "TheMovieDBUITests" */;
			buildPhases = (
				41C49BCED8DB0C5FF39F8C50 /* [CP] Check Pods Manifest.lock */,
				ED08939420585753004CC05F /* Sources */,
				ED08939520585753004CC05F /* Frameworks */,
				ED08939620585753004CC05F /* Resources */,
			);
			buildRules = (
			);
			dependencies = (
				ED08939A20585753004CC05F /* PBXTargetDependency */,
			);
			name = TheMovieDBUITests;
			productName = ArcTouchChallengeUITests;
			productReference = ED08939820585753004CC05F /* TheMovieDBUITests.xctest */;
			productType = "com.apple.product-type.bundle.ui-testing";
		};
/* End PBXNativeTarget section */

/* Begin PBXProject section */
		ED08937120585752004CC05F /* Project object */ = {
			isa = PBXProject;
			attributes = {
				LastSwiftUpdateCheck = 0920;
				LastUpgradeCheck = 0930;
				ORGANIZATIONNAME = "Arthur Augusto";
				TargetAttributes = {
					ED08937820585752004CC05F = {
						CreatedOnToolsVersion = 9.2;
						LastSwiftMigration = 0930;
						ProvisioningStyle = Automatic;
					};
					ED08938C20585753004CC05F = {
						CreatedOnToolsVersion = 9.2;
						ProvisioningStyle = Automatic;
						TestTargetID = ED08937820585752004CC05F;
					};
					ED08939720585753004CC05F = {
						CreatedOnToolsVersion = 9.2;
						ProvisioningStyle = Automatic;
						TestTargetID = ED08937820585752004CC05F;
					};
				};
			};
			buildConfigurationList = ED08937420585752004CC05F /* Build configuration list for PBXProject "TheMovieDB" */;
			compatibilityVersion = "Xcode 8.0";
			developmentRegion = en;
			hasScannedForEncodings = 0;
			knownRegions = (
				en,
				Base,
			);
			mainGroup = ED08937020585752004CC05F;
			productRefGroup = ED08937A20585752004CC05F /* Products */;
			projectDirPath = "";
			projectRoot = "";
			targets = (
				ED08937820585752004CC05F /* TheMovieDB */,
				ED08938C20585753004CC05F /* TheMovieDBTests */,
				ED08939720585753004CC05F /* TheMovieDBUITests */,
			);
		};
/* End PBXProject section */

/* Begin PBXResourcesBuildPhase section */
		ED08937720585752004CC05F /* Resources */ = {
			isa = PBXResourcesBuildPhase;
			buildActionMask = 2147483647;
			files = (
				ED65BEDE2091F1330091D93B /* recommendations.json in Resources */,
				ED38342E2094AB5A0079D48F /* Movie.storyboard in Resources */,
				ED08938720585752004CC05F /* LaunchScreen.storyboard in Resources */,
				ED65BEE32091F1330091D93B /* videos.json in Resources */,
				ED383427209498FB0079D48F /* SeasonView.xib in Resources */,
				ED3834322094AB6F0079D48F /* PopularPeople.storyboard in Resources */,
				ED65BF03209245610091D93B /* MovieView.xib in Resources */,
				ED65BEDD2091F1330091D93B /* genres.json in Resources */,
				ED65BEDF2091F1330091D93B /* searchMovie.json in Resources */,
				EDC6C03820585B9D00D843EC /* EnvironmentLinks.plist in Resources */,
				ED65BEDB2091F1330091D93B /* popular.json in Resources */,
				ED65BEE22091F1330091D93B /* topRated.json in Resources */,
				ED65BEE12091F1330091D93B /* movie.json in Resources */,
				ED08938420585752004CC05F /* Assets.xcassets in Resources */,
				ED3834382094ACB20079D48F /* Search.storyboard in Resources */,
				ED65BEE02091F1330091D93B /* upcoming.json in Resources */,
				ED65BEDC2091F1330091D93B /* searchByGenre.json in Resources */,
				EDC6C03720585B9D00D843EC /* RequestLinks.plist in Resources */,
				ED08938220585752004CC05F /* Main.storyboard in Resources */,
				ED65BEDA2091F1330091D93B /* similar.json in Resources */,
				ED65BF0520925B8E0091D93B /* PlayerView.xib in Resources */,
				ED65BEFA20923C990091D93B /* CastView.xib in Resources */,
				ED65BEE42091F1330091D93B /* nowPlaying.json in Resources */,
				ED3834302094AB660079D48F /* TVShow.storyboard in Resources */,
				ED3834352094ABDB0079D48F /* Generic.storyboard in Resources */,
			);
			runOnlyForDeploymentPostprocessing = 0;
		};
		ED08938B20585753004CC05F /* Resources */ = {
			isa = PBXResourcesBuildPhase;
			buildActionMask = 2147483647;
			files = (
			);
			runOnlyForDeploymentPostprocessing = 0;
		};
		ED08939620585753004CC05F /* Resources */ = {
			isa = PBXResourcesBuildPhase;
			buildActionMask = 2147483647;
			files = (
			);
			runOnlyForDeploymentPostprocessing = 0;
		};
/* End PBXResourcesBuildPhase section */

/* Begin PBXShellScriptBuildPhase section */
		41C49BCED8DB0C5FF39F8C50 /* [CP] Check Pods Manifest.lock */ = {
			isa = PBXShellScriptBuildPhase;
			buildActionMask = 2147483647;
			files = (
			);
			inputPaths = (
				"${PODS_PODFILE_DIR_PATH}/Podfile.lock",
				"${PODS_ROOT}/Manifest.lock",
			);
			name = "[CP] Check Pods Manifest.lock";
			outputPaths = (
				"$(DERIVED_FILE_DIR)/Pods-TheMovieDBUITests-checkManifestLockResult.txt",
			);
			runOnlyForDeploymentPostprocessing = 0;
			shellPath = /bin/sh;
			shellScript = "diff \"${PODS_PODFILE_DIR_PATH}/Podfile.lock\" \"${PODS_ROOT}/Manifest.lock\" > /dev/null\nif [ $? != 0 ] ; then\n    # print error to STDERR\n    echo \"error: The sandbox is not in sync with the Podfile.lock. Run 'pod install' or update your CocoaPods installation.\" >&2\n    exit 1\nfi\n# This output is used by Xcode 'outputs' to avoid re-running this script phase.\necho \"SUCCESS\" > \"${SCRIPT_OUTPUT_FILE_0}\"\n";
			showEnvVarsInLog = 0;
		};
		43A4C84805B0637EE1FF4000 /* [CP] Check Pods Manifest.lock */ = {
			isa = PBXShellScriptBuildPhase;
			buildActionMask = 2147483647;
			files = (
			);
			inputPaths = (
				"${PODS_PODFILE_DIR_PATH}/Podfile.lock",
				"${PODS_ROOT}/Manifest.lock",
			);
			name = "[CP] Check Pods Manifest.lock";
			outputPaths = (
				"$(DERIVED_FILE_DIR)/Pods-TheMovieDB-checkManifestLockResult.txt",
			);
			runOnlyForDeploymentPostprocessing = 0;
			shellPath = /bin/sh;
			shellScript = "diff \"${PODS_PODFILE_DIR_PATH}/Podfile.lock\" \"${PODS_ROOT}/Manifest.lock\" > /dev/null\nif [ $? != 0 ] ; then\n    # print error to STDERR\n    echo \"error: The sandbox is not in sync with the Podfile.lock. Run 'pod install' or update your CocoaPods installation.\" >&2\n    exit 1\nfi\n# This output is used by Xcode 'outputs' to avoid re-running this script phase.\necho \"SUCCESS\" > \"${SCRIPT_OUTPUT_FILE_0}\"\n";
			showEnvVarsInLog = 0;
		};
		B5F09308A93A1D80973ACC48 /* [CP] Embed Pods Frameworks */ = {
			isa = PBXShellScriptBuildPhase;
			buildActionMask = 2147483647;
			files = (
			);
			inputPaths = (
				"${SRCROOT}/Pods/Target Support Files/Pods-TheMovieDB/Pods-TheMovieDB-frameworks.sh",
				"${BUILT_PRODUCTS_DIR}/Alamofire/Alamofire.framework",
				"${BUILT_PRODUCTS_DIR}/Bond/Bond.framework",
				"${BUILT_PRODUCTS_DIR}/Differ/Differ.framework",
				"${BUILT_PRODUCTS_DIR}/RAMAnimatedTabBarController/RAMAnimatedTabBarController.framework",
				"${BUILT_PRODUCTS_DIR}/ReactiveKit/ReactiveKit.framework",
				"${BUILT_PRODUCTS_DIR}/SDWebImage/SDWebImage.framework",
				"${BUILT_PRODUCTS_DIR}/SwiftyJSON/SwiftyJSON.framework",
				"${BUILT_PRODUCTS_DIR}/YouTubePlayer/YouTubePlayer.framework",
			);
			name = "[CP] Embed Pods Frameworks";
			outputPaths = (
				"${TARGET_BUILD_DIR}/${FRAMEWORKS_FOLDER_PATH}/Alamofire.framework",
				"${TARGET_BUILD_DIR}/${FRAMEWORKS_FOLDER_PATH}/Bond.framework",
				"${TARGET_BUILD_DIR}/${FRAMEWORKS_FOLDER_PATH}/Differ.framework",
				"${TARGET_BUILD_DIR}/${FRAMEWORKS_FOLDER_PATH}/RAMAnimatedTabBarController.framework",
				"${TARGET_BUILD_DIR}/${FRAMEWORKS_FOLDER_PATH}/ReactiveKit.framework",
				"${TARGET_BUILD_DIR}/${FRAMEWORKS_FOLDER_PATH}/SDWebImage.framework",
				"${TARGET_BUILD_DIR}/${FRAMEWORKS_FOLDER_PATH}/SwiftyJSON.framework",
				"${TARGET_BUILD_DIR}/${FRAMEWORKS_FOLDER_PATH}/YouTubePlayer.framework",
			);
			runOnlyForDeploymentPostprocessing = 0;
			shellPath = /bin/sh;
			shellScript = "\"${SRCROOT}/Pods/Target Support Files/Pods-TheMovieDB/Pods-TheMovieDB-frameworks.sh\"\n";
			showEnvVarsInLog = 0;
		};
		E575232062AC80E2126A9971 /* [CP] Check Pods Manifest.lock */ = {
			isa = PBXShellScriptBuildPhase;
			buildActionMask = 2147483647;
			files = (
			);
			inputPaths = (
				"${PODS_PODFILE_DIR_PATH}/Podfile.lock",
				"${PODS_ROOT}/Manifest.lock",
			);
			name = "[CP] Check Pods Manifest.lock";
			outputPaths = (
				"$(DERIVED_FILE_DIR)/Pods-TheMovieDBTests-checkManifestLockResult.txt",
			);
			runOnlyForDeploymentPostprocessing = 0;
			shellPath = /bin/sh;
			shellScript = "diff \"${PODS_PODFILE_DIR_PATH}/Podfile.lock\" \"${PODS_ROOT}/Manifest.lock\" > /dev/null\nif [ $? != 0 ] ; then\n    # print error to STDERR\n    echo \"error: The sandbox is not in sync with the Podfile.lock. Run 'pod install' or update your CocoaPods installation.\" >&2\n    exit 1\nfi\n# This output is used by Xcode 'outputs' to avoid re-running this script phase.\necho \"SUCCESS\" > \"${SCRIPT_OUTPUT_FILE_0}\"\n";
			showEnvVarsInLog = 0;
		};
/* End PBXShellScriptBuildPhase section */

/* Begin PBXSourcesBuildPhase section */
		ED08937520585752004CC05F /* Sources */ = {
			isa = PBXSourcesBuildPhase;
			buildActionMask = 2147483647;
			files = (
				ED16D87220599CC7002A0B2C /* SearchMovie.swift in Sources */,
				ED38342920949AC70079D48F /* SeasonView.swift in Sources */,
				ED16D86B20597D99002A0B2C /* ProductionCountries.swift in Sources */,
				ED16D87B20599DAC002A0B2C /* MoviesGenres.swift in Sources */,
				EDC6C02D20585A8C00D843EC /* Session.swift in Sources */,
				ED3833FB20938CB00079D48F /* PopularPeopleServiceModel.swift in Sources */,
				ED38342220941CD20079D48F /* TVShowDetailServiceModel.swift in Sources */,
				ED16D845205882D3002A0B2C /* HomeViewModel.swift in Sources */,
				ED65BEF1209238BB0091D93B /* ReviewsList.swift in Sources */,
				ED65BEF0209238BB0091D93B /* CreditsList.swift in Sources */,
				EDC6C01E20585A6D00D843EC /* HexColor.swift in Sources */,
				EDC6C03F2058663000D843EC /* ViewModel.swift in Sources */,
				EDC6C02F20585A8C00D843EC /* EnvironmentHost.swift in Sources */,
				ED65BEF3209238BB0091D93B /* Cast.swift in Sources */,
				ED16D87E20599E29002A0B2C /* SearchMoviesGenre.swift in Sources */,
				ED38340320938E980079D48F /* PopularPeople.swift in Sources */,
				ED16D85220588BA7002A0B2C /* MovieViewCell.swift in Sources */,
				EDC6C01420585A4400D843EC /* CollectionView.swift in Sources */,
				ED38341E20941C9D0079D48F /* TVShowDetailView.swift in Sources */,
				ED3834062093914C0079D48F /* PopularPersonCellViewModel.swift in Sources */,
				ED38341920941C4E0079D48F /* TVShowDetail.swift in Sources */,
				ED65BEF4209238BB0091D93B /* Crew.swift in Sources */,
				ED38341A20941C4E0079D48F /* Networks.swift in Sources */,
				ED16D86C20597D99002A0B2C /* ProductionCompanies.swift in Sources */,
				ED38341C20941C4E0079D48F /* Seasons.swift in Sources */,
				EDC6C03E2058663000D843EC /* ServiceModel.swift in Sources */,
				EDC6C03020585A8C00D843EC /* Connection.swift in Sources */,
				ED65BEB320909EFA0091D93B /* iCarousel.m in Sources */,
				ED16D84C205884AB002A0B2C /* Movie.swift in Sources */,
				ED38340F20940E130079D48F /* TVShowView.swift in Sources */,
				ED3833E42093324C0079D48F /* PersonView.swift in Sources */,
				ED16D86920597D99002A0B2C /* MovieDetail.swift in Sources */,
				EDC6C01C20585A6300D843EC /* LoadingView.swift in Sources */,
				ED65BEFD20923EA20091D93B /* XibView.swift in Sources */,
				ED3833F720938BBA0079D48F /* PopularPersonViewCell.swift in Sources */,
				ED16D85E20597A6C002A0B2C /* MovieDetailView.swift in Sources */,
				ED3834132094111D0079D48F /* TVShowCellViewModel.swift in Sources */,
				ED65BF09209261C00091D93B /* ReviewsView.swift in Sources */,
				EDC6C02820585A8300D843EC /* General.swift in Sources */,
				ED3833EC209375A00079D48F /* ExternalIds.swift in Sources */,
				ED38341120940E340079D48F /* TVShowViewCell.swift in Sources */,
				EDC6C02020585A7500D843EC /* AlertComponent.swift in Sources */,
				ED16D86820597D99002A0B2C /* BelongsToCollection.swift in Sources */,
				ED383425209422AC0079D48F /* StretchHeaderView.swift in Sources */,
				EDC6C03320585A9200D843EC /* Constants.swift in Sources */,
				ED16D86020597AF6002A0B2C /* MovieDetailViewModel.swift in Sources */,
				ED65BEBB2090A55D0091D93B /* Video.swift in Sources */,
				ED65BEFF20923F040091D93B /* CastView.swift in Sources */,
				EDC6C01820585A5500D843EC /* Date.swift in Sources */,
				ED38340D20940DFC0079D48F /* TVShowViewModel.swift in Sources */,
				ED16D84B205884AB002A0B2C /* Dates.swift in Sources */,
				ED65BECC2091EEFC0091D93B /* JSONWrapper.swift in Sources */,
				ED16D88020599F90002A0B2C /* SearchView.swift in Sources */,
				ED16D87720599D11002A0B2C /* SearchPerson.swift in Sources */,
				ED16D850205889BE002A0B2C /* HomeViewCell.swift in Sources */,
				ED16D84D205884AB002A0B2C /* MoviesList.swift in Sources */,
				EDC6C03D2058663000D843EC /* Model.swift in Sources */,
				ED16D86A20597D99002A0B2C /* SpokenLanguages.swift in Sources */,
				ED16D8842059A008002A0B2C /* SearchViewModel.swift in Sources */,
				ED65BEBA2090A55D0091D93B /* VideosList.swift in Sources */,
				ED3833EA20933A3E0079D48F /* PersonServiceModel.swift in Sources */,
				ED65BF01209245430091D93B /* MovieView.swift in Sources */,
				ED38340220938E980079D48F /* KnownFor.swift in Sources */,
				ED16D86F20597E5E002A0B2C /* MovieDetailServiceModel.swift in Sources */,
				EDC6C02620585A7D00D843EC /* Appearance.swift in Sources */,
				ED3833F520938BA50079D48F /* PopularPeopleView.swift in Sources */,
				ED3833F1209378C20079D48F /* SocialMedia.swift in Sources */,
				EDC6C03420585A9200D843EC /* Messages.swift in Sources */,
				ED3833FD20938CBF0079D48F /* PopularPeopleViewModel.swift in Sources */,
				EDC6C07C20586DB400D843EC /* DateHelper.swift in Sources */,
				EDC6C02E20585A8C00D843EC /* FileManager.swift in Sources */,
				ED16D843205882C8002A0B2C /* HomeView.swift in Sources */,
				ED38342020941CB70079D48F /* TVShowDetailViewModel.swift in Sources */,
				ED65BF0720925C280091D93B /* PlayerView.swift in Sources */,
				ED38340B20940DEB0079D48F /* TVShowServiceModel.swift in Sources */,
				ED16D88C2059A3A0002A0B2C /* SearchResultViewCell.swift in Sources */,
				ED08937D20585752004CC05F /* AppDelegate.swift in Sources */,
				ED16D88A2059A34F002A0B2C /* SearchResultView.swift in Sources */,
				ED16D8882059A07F002A0B2C /* SearchServiceModel.swift in Sources */,
				ED65BEF2209238BB0091D93B /* Review.swift in Sources */,
				ED16D86D20597D99002A0B2C /* Genres.swift in Sources */,
				ED3833E6209332590079D48F /* PersonViewModel.swift in Sources */,
				ED3833E8209339880079D48F /* Person.swift in Sources */,
				ED38341B20941C4E0079D48F /* CreatedBy.swift in Sources */,
				ED16D84720588381002A0B2C /* HomeServiceModel.swift in Sources */,
				EDC6C02520585A7D00D843EC /* Extensions.swift in Sources */,
			);
			runOnlyForDeploymentPostprocessing = 0;
		};
		ED08938920585753004CC05F /* Sources */ = {
			isa = PBXSourcesBuildPhase;
			buildActionMask = 2147483647;
			files = (
				ED65BEC52091E97A0091D93B /* HomeTests.swift in Sources */,
				ED65BEEA20920E190091D93B /* SearchTests.swift in Sources */,
				ED65BEE82091FF2A0091D93B /* Tests.swift in Sources */,
				ED65BEE62091FF0F0091D93B /* MovieDetailTests.swift in Sources */,
			);
			runOnlyForDeploymentPostprocessing = 0;
		};
		ED08939420585753004CC05F /* Sources */ = {
			isa = PBXSourcesBuildPhase;
			buildActionMask = 2147483647;
			files = (
				ED08939D20585753004CC05F /* TheMovieDBUITests.swift in Sources */,
			);
			runOnlyForDeploymentPostprocessing = 0;
		};
/* End PBXSourcesBuildPhase section */

/* Begin PBXTargetDependency section */
		ED08938F20585753004CC05F /* PBXTargetDependency */ = {
			isa = PBXTargetDependency;
			target = ED08937820585752004CC05F /* TheMovieDB */;
			targetProxy = ED08938E20585753004CC05F /* PBXContainerItemProxy */;
		};
		ED08939A20585753004CC05F /* PBXTargetDependency */ = {
			isa = PBXTargetDependency;
			target = ED08937820585752004CC05F /* TheMovieDB */;
			targetProxy = ED08939920585753004CC05F /* PBXContainerItemProxy */;
		};
/* End PBXTargetDependency section */

/* Begin PBXVariantGroup section */
		ED08938020585752004CC05F /* Main.storyboard */ = {
			isa = PBXVariantGroup;
			children = (
				ED08938120585752004CC05F /* Base */,
			);
			name = Main.storyboard;
			sourceTree = "<group>";
		};
		ED08938520585752004CC05F /* LaunchScreen.storyboard */ = {
			isa = PBXVariantGroup;
			children = (
				ED08938620585752004CC05F /* Base */,
			);
			name = LaunchScreen.storyboard;
			sourceTree = "<group>";
		};
/* End PBXVariantGroup section */

/* Begin XCBuildConfiguration section */
		ED08939F20585753004CC05F /* Debug */ = {
			isa = XCBuildConfiguration;
			buildSettings = {
				ALWAYS_SEARCH_USER_PATHS = NO;
				CLANG_ANALYZER_NONNULL = YES;
				CLANG_ANALYZER_NUMBER_OBJECT_CONVERSION = YES_AGGRESSIVE;
				CLANG_CXX_LANGUAGE_STANDARD = "gnu++14";
				CLANG_CXX_LIBRARY = "libc++";
				CLANG_ENABLE_MODULES = YES;
				CLANG_ENABLE_OBJC_ARC = YES;
				CLANG_WARN_BLOCK_CAPTURE_AUTORELEASING = YES;
				CLANG_WARN_BOOL_CONVERSION = YES;
				CLANG_WARN_COMMA = YES;
				CLANG_WARN_CONSTANT_CONVERSION = YES;
				CLANG_WARN_DEPRECATED_OBJC_IMPLEMENTATIONS = YES;
				CLANG_WARN_DIRECT_OBJC_ISA_USAGE = YES_ERROR;
				CLANG_WARN_DOCUMENTATION_COMMENTS = YES;
				CLANG_WARN_EMPTY_BODY = YES;
				CLANG_WARN_ENUM_CONVERSION = YES;
				CLANG_WARN_INFINITE_RECURSION = YES;
				CLANG_WARN_INT_CONVERSION = YES;
				CLANG_WARN_NON_LITERAL_NULL_CONVERSION = YES;
				CLANG_WARN_OBJC_IMPLICIT_RETAIN_SELF = YES;
				CLANG_WARN_OBJC_LITERAL_CONVERSION = YES;
				CLANG_WARN_OBJC_ROOT_CLASS = YES_ERROR;
				CLANG_WARN_RANGE_LOOP_ANALYSIS = YES;
				CLANG_WARN_STRICT_PROTOTYPES = YES;
				CLANG_WARN_SUSPICIOUS_MOVE = YES;
				CLANG_WARN_UNGUARDED_AVAILABILITY = YES_AGGRESSIVE;
				CLANG_WARN_UNREACHABLE_CODE = YES;
				CLANG_WARN__DUPLICATE_METHOD_MATCH = YES;
				CODE_SIGN_IDENTITY = "iPhone Developer";
				COPY_PHASE_STRIP = NO;
				DEBUG_INFORMATION_FORMAT = dwarf;
				ENABLE_STRICT_OBJC_MSGSEND = YES;
				ENABLE_TESTABILITY = YES;
				GCC_C_LANGUAGE_STANDARD = gnu11;
				GCC_DYNAMIC_NO_PIC = NO;
				GCC_NO_COMMON_BLOCKS = YES;
				GCC_OPTIMIZATION_LEVEL = 0;
				GCC_PREPROCESSOR_DEFINITIONS = (
					"DEBUG=1",
					"$(inherited)",
				);
				GCC_WARN_64_TO_32_BIT_CONVERSION = YES;
				GCC_WARN_ABOUT_RETURN_TYPE = YES_ERROR;
				GCC_WARN_UNDECLARED_SELECTOR = YES;
				GCC_WARN_UNINITIALIZED_AUTOS = YES_AGGRESSIVE;
				GCC_WARN_UNUSED_FUNCTION = YES;
				GCC_WARN_UNUSED_VARIABLE = YES;
				IPHONEOS_DEPLOYMENT_TARGET = 11.2;
				MTL_ENABLE_DEBUG_INFO = YES;
				ONLY_ACTIVE_ARCH = YES;
				SDKROOT = iphoneos;
				SWIFT_ACTIVE_COMPILATION_CONDITIONS = DEBUG;
				SWIFT_OPTIMIZATION_LEVEL = "-Onone";
			};
			name = Debug;
		};
		ED0893A020585753004CC05F /* Release */ = {
			isa = XCBuildConfiguration;
			buildSettings = {
				ALWAYS_SEARCH_USER_PATHS = NO;
				CLANG_ANALYZER_NONNULL = YES;
				CLANG_ANALYZER_NUMBER_OBJECT_CONVERSION = YES_AGGRESSIVE;
				CLANG_CXX_LANGUAGE_STANDARD = "gnu++14";
				CLANG_CXX_LIBRARY = "libc++";
				CLANG_ENABLE_MODULES = YES;
				CLANG_ENABLE_OBJC_ARC = YES;
				CLANG_WARN_BLOCK_CAPTURE_AUTORELEASING = YES;
				CLANG_WARN_BOOL_CONVERSION = YES;
				CLANG_WARN_COMMA = YES;
				CLANG_WARN_CONSTANT_CONVERSION = YES;
				CLANG_WARN_DEPRECATED_OBJC_IMPLEMENTATIONS = YES;
				CLANG_WARN_DIRECT_OBJC_ISA_USAGE = YES_ERROR;
				CLANG_WARN_DOCUMENTATION_COMMENTS = YES;
				CLANG_WARN_EMPTY_BODY = YES;
				CLANG_WARN_ENUM_CONVERSION = YES;
				CLANG_WARN_INFINITE_RECURSION = YES;
				CLANG_WARN_INT_CONVERSION = YES;
				CLANG_WARN_NON_LITERAL_NULL_CONVERSION = YES;
				CLANG_WARN_OBJC_IMPLICIT_RETAIN_SELF = YES;
				CLANG_WARN_OBJC_LITERAL_CONVERSION = YES;
				CLANG_WARN_OBJC_ROOT_CLASS = YES_ERROR;
				CLANG_WARN_RANGE_LOOP_ANALYSIS = YES;
				CLANG_WARN_STRICT_PROTOTYPES = YES;
				CLANG_WARN_SUSPICIOUS_MOVE = YES;
				CLANG_WARN_UNGUARDED_AVAILABILITY = YES_AGGRESSIVE;
				CLANG_WARN_UNREACHABLE_CODE = YES;
				CLANG_WARN__DUPLICATE_METHOD_MATCH = YES;
				CODE_SIGN_IDENTITY = "iPhone Developer";
				COPY_PHASE_STRIP = NO;
				DEBUG_INFORMATION_FORMAT = "dwarf-with-dsym";
				ENABLE_NS_ASSERTIONS = NO;
				ENABLE_STRICT_OBJC_MSGSEND = YES;
				GCC_C_LANGUAGE_STANDARD = gnu11;
				GCC_NO_COMMON_BLOCKS = YES;
				GCC_WARN_64_TO_32_BIT_CONVERSION = YES;
				GCC_WARN_ABOUT_RETURN_TYPE = YES_ERROR;
				GCC_WARN_UNDECLARED_SELECTOR = YES;
				GCC_WARN_UNINITIALIZED_AUTOS = YES_AGGRESSIVE;
				GCC_WARN_UNUSED_FUNCTION = YES;
				GCC_WARN_UNUSED_VARIABLE = YES;
				IPHONEOS_DEPLOYMENT_TARGET = 11.2;
				MTL_ENABLE_DEBUG_INFO = NO;
				SDKROOT = iphoneos;
				SWIFT_OPTIMIZATION_LEVEL = "-Owholemodule";
				VALIDATE_PRODUCT = YES;
			};
			name = Release;
		};
		ED0893A220585753004CC05F /* Debug */ = {
			isa = XCBuildConfiguration;
			baseConfigurationReference = 434897671A574FE8B45AAF96 /* Pods-TheMovieDB.debug.xcconfig */;
			buildSettings = {
				ASSETCATALOG_COMPILER_APPICON_NAME = AppIcon;
				CLANG_ENABLE_MODULES = YES;
				CODE_SIGN_STYLE = Automatic;
				DEVELOPMENT_TEAM = XXT2XJVDAC;
				INFOPLIST_FILE = "$(SRCROOT)/TheMovieDB/Supporting Files/Plists/Info.plist";
				LD_RUNPATH_SEARCH_PATHS = "$(inherited) @executable_path/Frameworks";
				PRODUCT_BUNDLE_IDENTIFIER = com.aasmarques.themoviedb;
				PRODUCT_NAME = "$(TARGET_NAME)";
				SWIFT_OBJC_BRIDGING_HEADER = "TheMovieDB/Utils/TheMovieDB-Bridging-Header.h";
				SWIFT_OPTIMIZATION_LEVEL = "-Onone";
				SWIFT_VERSION = 4.0;
				TARGETED_DEVICE_FAMILY = "1,2";
			};
			name = Debug;
		};
		ED0893A320585753004CC05F /* Release */ = {
			isa = XCBuildConfiguration;
			baseConfigurationReference = 1AB9923C76FBA93BBDA1BB5F /* Pods-TheMovieDB.release.xcconfig */;
			buildSettings = {
				ASSETCATALOG_COMPILER_APPICON_NAME = AppIcon;
				CLANG_ENABLE_MODULES = YES;
				CODE_SIGN_STYLE = Automatic;
				DEVELOPMENT_TEAM = XXT2XJVDAC;
				INFOPLIST_FILE = "$(SRCROOT)/TheMovieDB/Supporting Files/Plists/Info.plist";
				LD_RUNPATH_SEARCH_PATHS = "$(inherited) @executable_path/Frameworks";
				PRODUCT_BUNDLE_IDENTIFIER = com.aasmarques.themoviedb;
				PRODUCT_NAME = "$(TARGET_NAME)";
				SWIFT_OBJC_BRIDGING_HEADER = "TheMovieDB/Utils/TheMovieDB-Bridging-Header.h";
				SWIFT_VERSION = 4.0;
				TARGETED_DEVICE_FAMILY = "1,2";
			};
			name = Release;
		};
		ED0893A520585753004CC05F /* Debug */ = {
			isa = XCBuildConfiguration;
			baseConfigurationReference = 22EDF7D6BAACCB5FAB3610D5 /* Pods-TheMovieDBTests.debug.xcconfig */;
			buildSettings = {
				ALWAYS_EMBED_SWIFT_STANDARD_LIBRARIES = YES;
				BUNDLE_LOADER = "$(TEST_HOST)";
				CODE_SIGN_STYLE = Automatic;
				DEVELOPMENT_TEAM = XXT2XJVDAC;
				INFOPLIST_FILE = TheMovieDBTests/Info.plist;
				LD_RUNPATH_SEARCH_PATHS = "$(inherited) @executable_path/Frameworks @loader_path/Frameworks";
				PRODUCT_BUNDLE_IDENTIFIER = com.aasmarques.TheMovieDBTests;
				PRODUCT_NAME = "$(TARGET_NAME)";
				SWIFT_VERSION = 4.0;
				TARGETED_DEVICE_FAMILY = "1,2";
				TEST_HOST = "$(BUILT_PRODUCTS_DIR)/TheMovieDB.app/TheMovieDB";
			};
			name = Debug;
		};
		ED0893A620585753004CC05F /* Release */ = {
			isa = XCBuildConfiguration;
			baseConfigurationReference = DF1229885E5F880E249A26D8 /* Pods-TheMovieDBTests.release.xcconfig */;
			buildSettings = {
				ALWAYS_EMBED_SWIFT_STANDARD_LIBRARIES = YES;
				BUNDLE_LOADER = "$(TEST_HOST)";
				CODE_SIGN_STYLE = Automatic;
				DEVELOPMENT_TEAM = XXT2XJVDAC;
				INFOPLIST_FILE = TheMovieDBTests/Info.plist;
				LD_RUNPATH_SEARCH_PATHS = "$(inherited) @executable_path/Frameworks @loader_path/Frameworks";
				PRODUCT_BUNDLE_IDENTIFIER = com.aasmarques.TheMovieDBTests;
				PRODUCT_NAME = "$(TARGET_NAME)";
				SWIFT_VERSION = 4.0;
				TARGETED_DEVICE_FAMILY = "1,2";
				TEST_HOST = "$(BUILT_PRODUCTS_DIR)/TheMovieDB.app/TheMovieDB";
			};
			name = Release;
		};
		ED0893A820585753004CC05F /* Debug */ = {
			isa = XCBuildConfiguration;
			baseConfigurationReference = 81B822BF0AA1669A20A61B4D /* Pods-TheMovieDBUITests.debug.xcconfig */;
			buildSettings = {
				ALWAYS_EMBED_SWIFT_STANDARD_LIBRARIES = YES;
				CODE_SIGN_STYLE = Automatic;
				DEVELOPMENT_TEAM = XXT2XJVDAC;
				INFOPLIST_FILE = TheMovieDBUITests/Info.plist;
				LD_RUNPATH_SEARCH_PATHS = "$(inherited) @executable_path/Frameworks @loader_path/Frameworks";
				PRODUCT_BUNDLE_IDENTIFIER = com.aasmarques.TheMovieDBUITests;
				PRODUCT_NAME = "$(TARGET_NAME)";
				SWIFT_VERSION = 4.0;
				TARGETED_DEVICE_FAMILY = "1,2";
				TEST_TARGET_NAME = TheMovieDB;
			};
			name = Debug;
		};
		ED0893A920585753004CC05F /* Release */ = {
			isa = XCBuildConfiguration;
			baseConfigurationReference = 576EA3BF9F2F811CD58CF4D3 /* Pods-TheMovieDBUITests.release.xcconfig */;
			buildSettings = {
				ALWAYS_EMBED_SWIFT_STANDARD_LIBRARIES = YES;
				CODE_SIGN_STYLE = Automatic;
				DEVELOPMENT_TEAM = XXT2XJVDAC;
				INFOPLIST_FILE = TheMovieDBUITests/Info.plist;
				LD_RUNPATH_SEARCH_PATHS = "$(inherited) @executable_path/Frameworks @loader_path/Frameworks";
				PRODUCT_BUNDLE_IDENTIFIER = com.aasmarques.TheMovieDBUITests;
				PRODUCT_NAME = "$(TARGET_NAME)";
				SWIFT_VERSION = 4.0;
				TARGETED_DEVICE_FAMILY = "1,2";
				TEST_TARGET_NAME = TheMovieDB;
			};
			name = Release;
		};
/* End XCBuildConfiguration section */

/* Begin XCConfigurationList section */
		ED08937420585752004CC05F /* Build configuration list for PBXProject "TheMovieDB" */ = {
			isa = XCConfigurationList;
			buildConfigurations = (
				ED08939F20585753004CC05F /* Debug */,
				ED0893A020585753004CC05F /* Release */,
			);
			defaultConfigurationIsVisible = 0;
			defaultConfigurationName = Release;
		};
		ED0893A120585753004CC05F /* Build configuration list for PBXNativeTarget "TheMovieDB" */ = {
			isa = XCConfigurationList;
			buildConfigurations = (
				ED0893A220585753004CC05F /* Debug */,
				ED0893A320585753004CC05F /* Release */,
			);
			defaultConfigurationIsVisible = 0;
			defaultConfigurationName = Release;
		};
		ED0893A420585753004CC05F /* Build configuration list for PBXNativeTarget "TheMovieDBTests" */ = {
			isa = XCConfigurationList;
			buildConfigurations = (
				ED0893A520585753004CC05F /* Debug */,
				ED0893A620585753004CC05F /* Release */,
			);
			defaultConfigurationIsVisible = 0;
			defaultConfigurationName = Release;
		};
		ED0893A720585753004CC05F /* Build configuration list for PBXNativeTarget "TheMovieDBUITests" */ = {
			isa = XCConfigurationList;
			buildConfigurations = (
				ED0893A820585753004CC05F /* Debug */,
				ED0893A920585753004CC05F /* Release */,
			);
			defaultConfigurationIsVisible = 0;
			defaultConfigurationName = Release;
		};
/* End XCConfigurationList section */
	};
	rootObject = ED08937120585752004CC05F /* Project object */;
}
